// !$*UTF8*$!
{
	archiveVersion = 1;
	classes = {
	};
	objectVersion = 46;
	objects = {

/* Begin PBXBuildFile section */
		041A1C591F10F43F00E9786B /* NotificationService.m in Sources */ = {isa = PBXBuildFile; fileRef = 041A1C581F10F43F00E9786B /* NotificationService.m */; };
		041A1C5D1F10F43F00E9786B /* ZNBPush.appex in Embed App Extensions */ = {isa = PBXBuildFile; fileRef = 041A1C551F10F43F00E9786B /* ZNBPush.appex */; settings = {ATTRIBUTES = (RemoveHeadersOnCopy, ); }; };
		041A1C641F13131A00E9786B /* AppDelegate+JPush.m in Sources */ = {isa = PBXBuildFile; fileRef = 041A1C631F13131A00E9786B /* AppDelegate+JPush.m */; };
		041A1C6A1F13224800E9786B /* ZNBWebViewController.m in Sources */ = {isa = PBXBuildFile; fileRef = 041A1C691F13224800E9786B /* ZNBWebViewController.m */; };
		04205C4B1EC60666006AE5AE /* AppDelegate.m in Sources */ = {isa = PBXBuildFile; fileRef = 04205C4A1EC60666006AE5AE /* AppDelegate.m */; };
		04205C511EC60666006AE5AE /* Main.storyboard in Resources */ = {isa = PBXBuildFile; fileRef = 04205C4F1EC60666006AE5AE /* Main.storyboard */; };
		04205C531EC60666006AE5AE /* Assets.xcassets in Resources */ = {isa = PBXBuildFile; fileRef = 04205C521EC60666006AE5AE /* Assets.xcassets */; };
		04205C7A1EC8C2D9006AE5AE /* ViewController.m in Sources */ = {isa = PBXBuildFile; fileRef = 04205C711EC8C2D9006AE5AE /* ViewController.m */; };
		04205C821EC8C345006AE5AE /* ZNBTimeLineController.m in Sources */ = {isa = PBXBuildFile; fileRef = 04205C811EC8C345006AE5AE /* ZNBTimeLineController.m */; };
		04205C871EC907A3006AE5AE /* main.m in Sources */ = {isa = PBXBuildFile; fileRef = 04205C861EC907A3006AE5AE /* main.m */; };
		04205C891EC9089B006AE5AE /* Info.plist in Resources */ = {isa = PBXBuildFile; fileRef = 04205C881EC9089B006AE5AE /* Info.plist */; };
		04205C8D1EC988BB006AE5AE /* ZNBNavigationController.m in Sources */ = {isa = PBXBuildFile; fileRef = 04205C8C1EC988BB006AE5AE /* ZNBNavigationController.m */; };
		04205C971EC99F71006AE5AE /* UIColor+Hex.m in Sources */ = {isa = PBXBuildFile; fileRef = 04205C901EC99F71006AE5AE /* UIColor+Hex.m */; };
		04205C981EC99F71006AE5AE /* UIImage+Image.m in Sources */ = {isa = PBXBuildFile; fileRef = 04205C921EC99F71006AE5AE /* UIImage+Image.m */; };
		04205C991EC99F71006AE5AE /* UIImage+Render.m in Sources */ = {isa = PBXBuildFile; fileRef = 04205C941EC99F71006AE5AE /* UIImage+Render.m */; };
		04205C9A1EC99F71006AE5AE /* UIView+SFrame.m in Sources */ = {isa = PBXBuildFile; fileRef = 04205C961EC99F71006AE5AE /* UIView+SFrame.m */; };
		04205C9D1EC9AC21006AE5AE /* ZNBTimeLineCell.m in Sources */ = {isa = PBXBuildFile; fileRef = 04205C9C1EC9AC21006AE5AE /* ZNBTimeLineCell.m */; };
		04205CA01EC9ADDA006AE5AE /* ZNBTimeLineModel.m in Sources */ = {isa = PBXBuildFile; fileRef = 04205C9F1EC9ADDA006AE5AE /* ZNBTimeLineModel.m */; };
		04205CA31EC9AE71006AE5AE /* ZNBImageModel.m in Sources */ = {isa = PBXBuildFile; fileRef = 04205CA21EC9AE71006AE5AE /* ZNBImageModel.m */; };
		04205CA61EC9AE8D006AE5AE /* ZNBTimeLineCmtModel.m in Sources */ = {isa = PBXBuildFile; fileRef = 04205CA51EC9AE8D006AE5AE /* ZNBTimeLineCmtModel.m */; };
		04205CA91EC9E270006AE5AE /* ZNBTimeLineViewModel.m in Sources */ = {isa = PBXBuildFile; fileRef = 04205CA81EC9E270006AE5AE /* ZNBTimeLineViewModel.m */; };
		04205CAD1EC9F972006AE5AE /* ZNBTimeLineTopView.m in Sources */ = {isa = PBXBuildFile; fileRef = 04205CAC1EC9F972006AE5AE /* ZNBTimeLineTopView.m */; };
		04205CAF1EC9F9AA006AE5AE /* ZNBTimeLineTopView.xib in Resources */ = {isa = PBXBuildFile; fileRef = 04205CAE1EC9F9AA006AE5AE /* ZNBTimeLineTopView.xib */; };
		04205CB21ECA0B27006AE5AE /* ZNBTimeLineImageCell.m in Sources */ = {isa = PBXBuildFile; fileRef = 04205CB11ECA0B27006AE5AE /* ZNBTimeLineImageCell.m */; };
		04205CB91ECADD17006AE5AE /* UITableView+HYBCacheHeight.m in Sources */ = {isa = PBXBuildFile; fileRef = 04205CB61ECADD17006AE5AE /* UITableView+HYBCacheHeight.m */; };
		04205CBA1ECADD17006AE5AE /* UITableViewCell+HYBMasonryAutoCellHeight.m in Sources */ = {isa = PBXBuildFile; fileRef = 04205CB81ECADD17006AE5AE /* UITableViewCell+HYBMasonryAutoCellHeight.m */; };
		04205CC61ECB07FA006AE5AE /* ZNBAddImageTextController.m in Sources */ = {isa = PBXBuildFile; fileRef = 04205CC51ECB07FA006AE5AE /* ZNBAddImageTextController.m */; };
		04205CCB1ECB084A006AE5AE /* ZNBAddImageTextCell.m in Sources */ = {isa = PBXBuildFile; fileRef = 04205CC91ECB084A006AE5AE /* ZNBAddImageTextCell.m */; };
		04205CCC1ECB084A006AE5AE /* ZNBAddImageTextCell.xib in Resources */ = {isa = PBXBuildFile; fileRef = 04205CCA1ECB084A006AE5AE /* ZNBAddImageTextCell.xib */; };
		04205CD01ECB087E006AE5AE /* ZNBSetNameController.m in Sources */ = {isa = PBXBuildFile; fileRef = 04205CCE1ECB087E006AE5AE /* ZNBSetNameController.m */; };
		04205CD11ECB087E006AE5AE /* ZNBSetNameController.xib in Resources */ = {isa = PBXBuildFile; fileRef = 04205CCF1ECB087E006AE5AE /* ZNBSetNameController.xib */; };
		04205CD51ECB0892006AE5AE /* ZNBSetAddressController.m in Sources */ = {isa = PBXBuildFile; fileRef = 04205CD31ECB0892006AE5AE /* ZNBSetAddressController.m */; };
		04205CD61ECB0892006AE5AE /* ZNBSetAddressController.xib in Resources */ = {isa = PBXBuildFile; fileRef = 04205CD41ECB0892006AE5AE /* ZNBSetAddressController.xib */; };
		04205CDA1ECB1642006AE5AE /* ZNBSetTimeController.m in Sources */ = {isa = PBXBuildFile; fileRef = 04205CD81ECB1642006AE5AE /* ZNBSetTimeController.m */; };
		04205CDB1ECB1642006AE5AE /* ZNBSetTimeController.xib in Resources */ = {isa = PBXBuildFile; fileRef = 04205CD91ECB1642006AE5AE /* ZNBSetTimeController.xib */; };
		04205CDF1ECB2A44006AE5AE /* ZNBAddImageTextEditCell.m in Sources */ = {isa = PBXBuildFile; fileRef = 04205CDD1ECB2A44006AE5AE /* ZNBAddImageTextEditCell.m */; };
		04205CE01ECB2A44006AE5AE /* ZNBAddImageTextEditCell.xib in Resources */ = {isa = PBXBuildFile; fileRef = 04205CDE1ECB2A44006AE5AE /* ZNBAddImageTextEditCell.xib */; };
		04205CE31ECBF3FD006AE5AE /* ZNBRaiseCmtView.m in Sources */ = {isa = PBXBuildFile; fileRef = 04205CE21ECBF3FD006AE5AE /* ZNBRaiseCmtView.m */; };
		04205CE51ECBF408006AE5AE /* ZNBRaiseCmtView.xib in Resources */ = {isa = PBXBuildFile; fileRef = 04205CE41ECBF408006AE5AE /* ZNBRaiseCmtView.xib */; };
		04205CF51ECC60E0006AE5AE /* ZNBAddCmtController.m in Sources */ = {isa = PBXBuildFile; fileRef = 04205CF31ECC60E0006AE5AE /* ZNBAddCmtController.m */; };
		04205CF61ECC60E0006AE5AE /* ZNBAddCmtController.xib in Resources */ = {isa = PBXBuildFile; fileRef = 04205CF41ECC60E0006AE5AE /* ZNBAddCmtController.xib */; };
		04205CFA1ECC60F0006AE5AE /* ZNBAddLikesController.m in Sources */ = {isa = PBXBuildFile; fileRef = 04205CF81ECC60F0006AE5AE /* ZNBAddLikesController.m */; };
		04205CFB1ECC60F0006AE5AE /* ZNBAddLikesController.xib in Resources */ = {isa = PBXBuildFile; fileRef = 04205CF91ECC60F0006AE5AE /* ZNBAddLikesController.xib */; };
		04205D041ECD638A006AE5AE /* ZNBLikesLabel.m in Sources */ = {isa = PBXBuildFile; fileRef = 04205D031ECD638A006AE5AE /* ZNBLikesLabel.m */; };
		04205D071ECD71A5006AE5AE /* ZNBLikeBGView.m in Sources */ = {isa = PBXBuildFile; fileRef = 04205D061ECD71A5006AE5AE /* ZNBLikeBGView.m */; };
		04205D0A1ECD7C8A006AE5AE /* ZNBTimeLineCmtCell.m in Sources */ = {isa = PBXBuildFile; fileRef = 04205D091ECD7C8A006AE5AE /* ZNBTimeLineCmtCell.m */; };
		04205D0E1ECDA492006AE5AE /* ZNBAnimationManager.m in Sources */ = {isa = PBXBuildFile; fileRef = 04205D0D1ECDA492006AE5AE /* ZNBAnimationManager.m */; };
		04205D151ECDB2C9006AE5AE /* ZNBAddBGViewController.m in Sources */ = {isa = PBXBuildFile; fileRef = 04205D131ECDB2C9006AE5AE /* ZNBAddBGViewController.m */; };
		04205D161ECDB2C9006AE5AE /* ZNBAddBGViewController.xib in Resources */ = {isa = PBXBuildFile; fileRef = 04205D141ECDB2C9006AE5AE /* ZNBAddBGViewController.xib */; };
		04205D191ECDBB43006AE5AE /* ZNBTimeLineBGModel.m in Sources */ = {isa = PBXBuildFile; fileRef = 04205D181ECDBB43006AE5AE /* ZNBTimeLineBGModel.m */; };
		046CDA021ED67701002A8022 /* ZNBChatMessageCell.m in Sources */ = {isa = PBXBuildFile; fileRef = 046CDA011ED67700002A8022 /* ZNBChatMessageCell.m */; };
		046CDA051ED67809002A8022 /* ZNBChatMessageModel.m in Sources */ = {isa = PBXBuildFile; fileRef = 046CDA041ED67809002A8022 /* ZNBChatMessageModel.m */; };
		046CDA081ED67D91002A8022 /* ZNBChatMessageViewModel.m in Sources */ = {isa = PBXBuildFile; fileRef = 046CDA071ED67D91002A8022 /* ZNBChatMessageViewModel.m */; };
		046CDA0D1ED69427002A8022 /* ZNBAddChatMessageController.m in Sources */ = {isa = PBXBuildFile; fileRef = 046CDA0B1ED69427002A8022 /* ZNBAddChatMessageController.m */; };
		046CDA0E1ED69427002A8022 /* ZNBAddChatMessageController.xib in Resources */ = {isa = PBXBuildFile; fileRef = 046CDA0C1ED69427002A8022 /* ZNBAddChatMessageController.xib */; };
		046CDA111ED6B019002A8022 /* ZNBChatConversationModel.m in Sources */ = {isa = PBXBuildFile; fileRef = 046CDA101ED6B019002A8022 /* ZNBChatConversationModel.m */; };
		046CDA141ED6B4A0002A8022 /* ZNBConversationController.m in Sources */ = {isa = PBXBuildFile; fileRef = 046CDA131ED6B4A0002A8022 /* ZNBConversationController.m */; };
		046CDA171ED6B5F2002A8022 /* ZNBChatConversationViewModel.m in Sources */ = {isa = PBXBuildFile; fileRef = 046CDA161ED6B5F2002A8022 /* ZNBChatConversationViewModel.m */; };
		046CDA1B1ED6B76F002A8022 /* ZNBConversationCell.m in Sources */ = {isa = PBXBuildFile; fileRef = 046CDA191ED6B76F002A8022 /* ZNBConversationCell.m */; };
		046CDA1C1ED6B76F002A8022 /* ZNBConversationCell.xib in Resources */ = {isa = PBXBuildFile; fileRef = 046CDA1A1ED6B76F002A8022 /* ZNBConversationCell.xib */; };
		046CDA1F1ED6BBDC002A8022 /* ZNBAddConversationController.m in Sources */ = {isa = PBXBuildFile; fileRef = 046CDA1E1ED6BBDC002A8022 /* ZNBAddConversationController.m */; };
		046CDA231ED7D7B2002A8022 /* ZNBHomeCell.m in Sources */ = {isa = PBXBuildFile; fileRef = 046CDA211ED7D7B2002A8022 /* ZNBHomeCell.m */; };
		046CDA241ED7D7B2002A8022 /* ZNBHomeCell.xib in Resources */ = {isa = PBXBuildFile; fileRef = 046CDA221ED7D7B2002A8022 /* ZNBHomeCell.xib */; };
		046CDA271ED7E1BB002A8022 /* ZNBHomeTopView.m in Sources */ = {isa = PBXBuildFile; fileRef = 046CDA261ED7E1BB002A8022 /* ZNBHomeTopView.m */; };
		046CDA291ED7E1C6002A8022 /* ZNBHomeTopView.xib in Resources */ = {isa = PBXBuildFile; fileRef = 046CDA281ED7E1C6002A8022 /* ZNBHomeTopView.xib */; };
		046CDA2B1ED7E21B002A8022 /* HomeData.plist in Resources */ = {isa = PBXBuildFile; fileRef = 046CDA2A1ED7E21B002A8022 /* HomeData.plist */; };
		046CDA2E1ED7EC9F002A8022 /* ZNBHomeModel.m in Sources */ = {isa = PBXBuildFile; fileRef = 046CDA2D1ED7EC9F002A8022 /* ZNBHomeModel.m */; };
		046CDA311ED80874002A8022 /* ZNBQRCodeImage.m in Sources */ = {isa = PBXBuildFile; fileRef = 046CDA301ED80874002A8022 /* ZNBQRCodeImage.m */; };
		04982DEA1F5459D100CD06CC /* ZNBTimeTool.m in Sources */ = {isa = PBXBuildFile; fileRef = 04982DE91F5459D100CD06CC /* ZNBTimeTool.m */; };
		04982DED1F545A5D00CD06CC /* NSDate+Date.m in Sources */ = {isa = PBXBuildFile; fileRef = 04982DEC1F545A5D00CD06CC /* NSDate+Date.m */; };
		04982E111F57E66A00CD06CC /* StoreKit.framework in Frameworks */ = {isa = PBXBuildFile; fileRef = 04982E101F57E66A00CD06CC /* StoreKit.framework */; };
		04982E1E1F5800D700CD06CC /* ZNBMineViewController.m in Sources */ = {isa = PBXBuildFile; fileRef = 04982E1D1F5800D700CD06CC /* ZNBMineViewController.m */; };
		04982E221F58014500CD06CC /* ZNBSettingCell.m in Sources */ = {isa = PBXBuildFile; fileRef = 04982E201F58014500CD06CC /* ZNBSettingCell.m */; };
		04982E231F58014500CD06CC /* ZNBSettingCell.xib in Resources */ = {isa = PBXBuildFile; fileRef = 04982E211F58014500CD06CC /* ZNBSettingCell.xib */; };
		04982E261F58056B00CD06CC /* ZNBRemoveADViewController.m in Sources */ = {isa = PBXBuildFile; fileRef = 04982E251F58056B00CD06CC /* ZNBRemoveADViewController.m */; };
		04982E291F58080000CD06CC /* IAPManager.m in Sources */ = {isa = PBXBuildFile; fileRef = 04982E281F58080000CD06CC /* IAPManager.m */; };
		04982E331F5822B700CD06CC /* libGDTMobSDK.a in Frameworks */ = {isa = PBXBuildFile; fileRef = 04982E321F5822B700CD06CC /* libGDTMobSDK.a */; };
		04982E351F58235800CD06CC /* libz.1.1.3.tbd in Frameworks */ = {isa = PBXBuildFile; fileRef = 04982E341F58235800CD06CC /* libz.1.1.3.tbd */; };
		04A910F81ED58A8E00AAF266 /* ZNBChatViewController.m in Sources */ = {isa = PBXBuildFile; fileRef = 04A910F71ED58A8E00AAF266 /* ZNBChatViewController.m */; };
		04A910FB1ED58D5100AAF266 /* ZNBKeywordToolBar.m in Sources */ = {isa = PBXBuildFile; fileRef = 04A910FA1ED58D5100AAF266 /* ZNBKeywordToolBar.m */; };
		04A910FD1ED58D5800AAF266 /* ZNBKeywordToolBar.xib in Resources */ = {isa = PBXBuildFile; fileRef = 04A910FC1ED58D5800AAF266 /* ZNBKeywordToolBar.xib */; };
		04AE502D1EDDA42E00878D4E /* CustomCardCollectionViewFlowLayout.m in Sources */ = {isa = PBXBuildFile; fileRef = 04AE502C1EDDA42E00878D4E /* CustomCardCollectionViewFlowLayout.m */; };
		04AE50351EDDA94C00878D4E /* ZNBQRViewController.m in Sources */ = {isa = PBXBuildFile; fileRef = 04AE50341EDDA94C00878D4E /* ZNBQRViewController.m */; };
		04AE50391EDDAC5C00878D4E /* ZNBQRCollectionViewCell.m in Sources */ = {isa = PBXBuildFile; fileRef = 04AE50371EDDAC5C00878D4E /* ZNBQRCollectionViewCell.m */; };
		04AE503A1EDDAC5C00878D4E /* ZNBQRCollectionViewCell.xib in Resources */ = {isa = PBXBuildFile; fileRef = 04AE50381EDDAC5C00878D4E /* ZNBQRCollectionViewCell.xib */; };
		04AE503D1EDDC1E000878D4E /* ZNBQRBottomToolView.m in Sources */ = {isa = PBXBuildFile; fileRef = 04AE503C1EDDC1E000878D4E /* ZNBQRBottomToolView.m */; };
		04AE503F1EDDC1E900878D4E /* ZNBQRBottomToolView.xib in Resources */ = {isa = PBXBuildFile; fileRef = 04AE503E1EDDC1E900878D4E /* ZNBQRBottomToolView.xib */; };
		04AE508C1EDECD3900878D4E /* UIImageView+Color.m in Sources */ = {isa = PBXBuildFile; fileRef = 04AE508B1EDECD3900878D4E /* UIImageView+Color.m */; };
		04AE50C81EE4355500878D4E /* Launch Screen.storyboard in Resources */ = {isa = PBXBuildFile; fileRef = 04AE50C71EE4355500878D4E /* Launch Screen.storyboard */; };
		04AE50DA1EE4F26B00878D4E /* fb_rotation.png in Resources */ = {isa = PBXBuildFile; fileRef = 04AE50CB1EE4F26B00878D4E /* fb_rotation.png */; };
		04AE50DB1EE4F26B00878D4E /* fb_wave.png in Resources */ = {isa = PBXBuildFile; fileRef = 04AE50CC1EE4F26B00878D4E /* fb_wave.png */; };
		04AE50DC1EE4F26B00878D4E /* SXWaveCell.xib in Resources */ = {isa = PBXBuildFile; fileRef = 04AE50CD1EE4F26B00878D4E /* SXWaveCell.xib */; };
		04AE50DD1EE4F26B00878D4E /* SXHalfWaveView.m in Sources */ = {isa = PBXBuildFile; fileRef = 04AE50CF1EE4F26B00878D4E /* SXHalfWaveView.m */; };
		04AE50DE1EE4F26B00878D4E /* SXViewAdditions.m in Sources */ = {isa = PBXBuildFile; fileRef = 04AE50D11EE4F26B00878D4E /* SXViewAdditions.m */; };
		04AE50DF1EE4F26B00878D4E /* SXWaterBackground.m in Sources */ = {isa = PBXBuildFile; fileRef = 04AE50D31EE4F26B00878D4E /* SXWaterBackground.m */; };
		04AE50E01EE4F26B00878D4E /* SXWaveCell.m in Sources */ = {isa = PBXBuildFile; fileRef = 04AE50D51EE4F26B00878D4E /* SXWaveCell.m */; };
		04AE50E11EE4F26B00878D4E /* SXWaveView.m in Sources */ = {isa = PBXBuildFile; fileRef = 04AE50D71EE4F26B00878D4E /* SXWaveView.m */; };
		04AE50E21EE4F26B00878D4E /* UIColor+Separate.m in Sources */ = {isa = PBXBuildFile; fileRef = 04AE50D91EE4F26B00878D4E /* UIColor+Separate.m */; };
		04AE50E61EE511D200878D4E /* ZNBRedPageMessageCell.m in Sources */ = {isa = PBXBuildFile; fileRef = 04AE50E41EE511D200878D4E /* ZNBRedPageMessageCell.m */; };
		04AE50EB1EE540FC00878D4E /* ZNBRedPageViewController.m in Sources */ = {isa = PBXBuildFile; fileRef = 04AE50E91EE540FC00878D4E /* ZNBRedPageViewController.m */; };
		04AE50EC1EE540FC00878D4E /* ZNBRedPageViewController.xib in Resources */ = {isa = PBXBuildFile; fileRef = 04AE50EA1EE540FC00878D4E /* ZNBRedPageViewController.xib */; };
		04AE50F41EE546A900878D4E /* PopoverAction.m in Sources */ = {isa = PBXBuildFile; fileRef = 04AE50EF1EE546A900878D4E /* PopoverAction.m */; };
		04AE50F51EE546A900878D4E /* PopoverView.m in Sources */ = {isa = PBXBuildFile; fileRef = 04AE50F11EE546A900878D4E /* PopoverView.m */; };
		04AE50F61EE546A900878D4E /* PopoverViewCell.m in Sources */ = {isa = PBXBuildFile; fileRef = 04AE50F31EE546A900878D4E /* PopoverViewCell.m */; };
		04AE50F91EE645AD00878D4E /* ZNBAddQRViewController.m in Sources */ = {isa = PBXBuildFile; fileRef = 04AE50F81EE645AD00878D4E /* ZNBAddQRViewController.m */; };
		04AE50FB1EE6488B00878D4E /* ZNBAddQRViewController.xib in Resources */ = {isa = PBXBuildFile; fileRef = 04AE50FA1EE6488B00878D4E /* ZNBAddQRViewController.xib */; };
		CC266807CDB8FCB6F9F8E99A /* libPods-ZNBCos.a in Frameworks */ = {isa = PBXBuildFile; fileRef = 0E7CB10A47565F222369FBF0 /* libPods-ZNBCos.a */; };
/* End PBXBuildFile section */

/* Begin PBXContainerItemProxy section */
		041A1C5B1F10F43F00E9786B /* PBXContainerItemProxy */ = {
			isa = PBXContainerItemProxy;
			containerPortal = 04205C3B1EC60666006AE5AE /* Project object */;
			proxyType = 1;
			remoteGlobalIDString = 041A1C541F10F43E00E9786B;
			remoteInfo = ZNBPush;
		};
/* End PBXContainerItemProxy section */

/* Begin PBXCopyFilesBuildPhase section */
		041A1C611F10F44000E9786B /* Embed App Extensions */ = {
			isa = PBXCopyFilesBuildPhase;
			buildActionMask = 2147483647;
			dstPath = "";
			dstSubfolderSpec = 13;
			files = (
				041A1C5D1F10F43F00E9786B /* ZNBPush.appex in Embed App Extensions */,
			);
			name = "Embed App Extensions";
			runOnlyForDeploymentPostprocessing = 0;
		};
/* End PBXCopyFilesBuildPhase section */

/* Begin PBXFileReference section */
		041A1C551F10F43F00E9786B /* ZNBPush.appex */ = {isa = PBXFileReference; explicitFileType = "wrapper.app-extension"; includeInIndex = 0; path = ZNBPush.appex; sourceTree = BUILT_PRODUCTS_DIR; };
		041A1C571F10F43F00E9786B /* NotificationService.h */ = {isa = PBXFileReference; lastKnownFileType = sourcecode.c.h; path = NotificationService.h; sourceTree = "<group>"; };
		041A1C581F10F43F00E9786B /* NotificationService.m */ = {isa = PBXFileReference; lastKnownFileType = sourcecode.c.objc; path = NotificationService.m; sourceTree = "<group>"; };
		041A1C5A1F10F43F00E9786B /* Info.plist */ = {isa = PBXFileReference; lastKnownFileType = text.plist.xml; path = Info.plist; sourceTree = "<group>"; };
		041A1C621F13131A00E9786B /* AppDelegate+JPush.h */ = {isa = PBXFileReference; fileEncoding = 4; lastKnownFileType = sourcecode.c.h; path = "AppDelegate+JPush.h"; sourceTree = "<group>"; };
		041A1C631F13131A00E9786B /* AppDelegate+JPush.m */ = {isa = PBXFileReference; fileEncoding = 4; lastKnownFileType = sourcecode.c.objc; path = "AppDelegate+JPush.m"; sourceTree = "<group>"; };
		041A1C651F1317B700E9786B /* ZNBCos.entitlements */ = {isa = PBXFileReference; lastKnownFileType = text.plist.entitlements; path = ZNBCos.entitlements; sourceTree = "<group>"; };
		041A1C661F131CC300E9786B /* ZNBPush.entitlements */ = {isa = PBXFileReference; lastKnownFileType = text.plist.entitlements; path = ZNBPush.entitlements; sourceTree = "<group>"; };
		041A1C681F13224800E9786B /* ZNBWebViewController.h */ = {isa = PBXFileReference; fileEncoding = 4; lastKnownFileType = sourcecode.c.h; path = ZNBWebViewController.h; sourceTree = "<group>"; };
		041A1C691F13224800E9786B /* ZNBWebViewController.m */ = {isa = PBXFileReference; fileEncoding = 4; lastKnownFileType = sourcecode.c.objc; path = ZNBWebViewController.m; sourceTree = "<group>"; };
		04205C431EC60666006AE5AE /* ZNBCos.app */ = {isa = PBXFileReference; explicitFileType = wrapper.application; includeInIndex = 0; path = ZNBCos.app; sourceTree = BUILT_PRODUCTS_DIR; };
		04205C491EC60666006AE5AE /* AppDelegate.h */ = {isa = PBXFileReference; lastKnownFileType = sourcecode.c.h; path = AppDelegate.h; sourceTree = "<group>"; };
		04205C4A1EC60666006AE5AE /* AppDelegate.m */ = {isa = PBXFileReference; lastKnownFileType = sourcecode.c.objc; path = AppDelegate.m; sourceTree = "<group>"; };
		04205C501EC60666006AE5AE /* Base */ = {isa = PBXFileReference; lastKnownFileType = file.storyboard; name = Base; path = Base.lproj/Main.storyboard; sourceTree = "<group>"; };
		04205C521EC60666006AE5AE /* Assets.xcassets */ = {isa = PBXFileReference; lastKnownFileType = folder.assetcatalog; path = Assets.xcassets; sourceTree = "<group>"; };
		04205C701EC8C2D9006AE5AE /* ViewController.h */ = {isa = PBXFileReference; fileEncoding = 4; lastKnownFileType = sourcecode.c.h; path = ViewController.h; sourceTree = "<group>"; };
		04205C711EC8C2D9006AE5AE /* ViewController.m */ = {isa = PBXFileReference; fileEncoding = 4; lastKnownFileType = sourcecode.c.objc; path = ViewController.m; sourceTree = "<group>"; };
		04205C801EC8C345006AE5AE /* ZNBTimeLineController.h */ = {isa = PBXFileReference; fileEncoding = 4; lastKnownFileType = sourcecode.c.h; path = ZNBTimeLineController.h; sourceTree = "<group>"; };
		04205C811EC8C345006AE5AE /* ZNBTimeLineController.m */ = {isa = PBXFileReference; fileEncoding = 4; lastKnownFileType = sourcecode.c.objc; path = ZNBTimeLineController.m; sourceTree = "<group>"; };
		04205C831EC8C3C1006AE5AE /* PrefixHeader.pch */ = {isa = PBXFileReference; lastKnownFileType = sourcecode.c.h; path = PrefixHeader.pch; sourceTree = "<group>"; };
		04205C861EC907A3006AE5AE /* main.m */ = {isa = PBXFileReference; fileEncoding = 4; lastKnownFileType = sourcecode.c.objc; path = main.m; sourceTree = "<group>"; };
		04205C881EC9089B006AE5AE /* Info.plist */ = {isa = PBXFileReference; fileEncoding = 4; lastKnownFileType = text.plist.xml; path = Info.plist; sourceTree = "<group>"; };
		04205C8B1EC988BB006AE5AE /* ZNBNavigationController.h */ = {isa = PBXFileReference; fileEncoding = 4; lastKnownFileType = sourcecode.c.h; path = ZNBNavigationController.h; sourceTree = "<group>"; };
		04205C8C1EC988BB006AE5AE /* ZNBNavigationController.m */ = {isa = PBXFileReference; fileEncoding = 4; lastKnownFileType = sourcecode.c.objc; path = ZNBNavigationController.m; sourceTree = "<group>"; };
		04205C8F1EC99F71006AE5AE /* UIColor+Hex.h */ = {isa = PBXFileReference; fileEncoding = 4; lastKnownFileType = sourcecode.c.h; path = "UIColor+Hex.h"; sourceTree = "<group>"; };
		04205C901EC99F71006AE5AE /* UIColor+Hex.m */ = {isa = PBXFileReference; fileEncoding = 4; lastKnownFileType = sourcecode.c.objc; path = "UIColor+Hex.m"; sourceTree = "<group>"; };
		04205C911EC99F71006AE5AE /* UIImage+Image.h */ = {isa = PBXFileReference; fileEncoding = 4; lastKnownFileType = sourcecode.c.h; path = "UIImage+Image.h"; sourceTree = "<group>"; };
		04205C921EC99F71006AE5AE /* UIImage+Image.m */ = {isa = PBXFileReference; fileEncoding = 4; lastKnownFileType = sourcecode.c.objc; path = "UIImage+Image.m"; sourceTree = "<group>"; };
		04205C931EC99F71006AE5AE /* UIImage+Render.h */ = {isa = PBXFileReference; fileEncoding = 4; lastKnownFileType = sourcecode.c.h; path = "UIImage+Render.h"; sourceTree = "<group>"; };
		04205C941EC99F71006AE5AE /* UIImage+Render.m */ = {isa = PBXFileReference; fileEncoding = 4; lastKnownFileType = sourcecode.c.objc; path = "UIImage+Render.m"; sourceTree = "<group>"; };
		04205C951EC99F71006AE5AE /* UIView+SFrame.h */ = {isa = PBXFileReference; fileEncoding = 4; lastKnownFileType = sourcecode.c.h; path = "UIView+SFrame.h"; sourceTree = "<group>"; };
		04205C961EC99F71006AE5AE /* UIView+SFrame.m */ = {isa = PBXFileReference; fileEncoding = 4; lastKnownFileType = sourcecode.c.objc; path = "UIView+SFrame.m"; sourceTree = "<group>"; };
		04205C9B1EC9AC21006AE5AE /* ZNBTimeLineCell.h */ = {isa = PBXFileReference; fileEncoding = 4; lastKnownFileType = sourcecode.c.h; path = ZNBTimeLineCell.h; sourceTree = "<group>"; };
		04205C9C1EC9AC21006AE5AE /* ZNBTimeLineCell.m */ = {isa = PBXFileReference; fileEncoding = 4; lastKnownFileType = sourcecode.c.objc; path = ZNBTimeLineCell.m; sourceTree = "<group>"; };
		04205C9E1EC9ADDA006AE5AE /* ZNBTimeLineModel.h */ = {isa = PBXFileReference; fileEncoding = 4; lastKnownFileType = sourcecode.c.h; path = ZNBTimeLineModel.h; sourceTree = "<group>"; };
		04205C9F1EC9ADDA006AE5AE /* ZNBTimeLineModel.m */ = {isa = PBXFileReference; fileEncoding = 4; lastKnownFileType = sourcecode.c.objc; path = ZNBTimeLineModel.m; sourceTree = "<group>"; };
		04205CA11EC9AE71006AE5AE /* ZNBImageModel.h */ = {isa = PBXFileReference; fileEncoding = 4; lastKnownFileType = sourcecode.c.h; path = ZNBImageModel.h; sourceTree = "<group>"; };
		04205CA21EC9AE71006AE5AE /* ZNBImageModel.m */ = {isa = PBXFileReference; fileEncoding = 4; lastKnownFileType = sourcecode.c.objc; path = ZNBImageModel.m; sourceTree = "<group>"; };
		04205CA41EC9AE8D006AE5AE /* ZNBTimeLineCmtModel.h */ = {isa = PBXFileReference; fileEncoding = 4; lastKnownFileType = sourcecode.c.h; path = ZNBTimeLineCmtModel.h; sourceTree = "<group>"; };
		04205CA51EC9AE8D006AE5AE /* ZNBTimeLineCmtModel.m */ = {isa = PBXFileReference; fileEncoding = 4; lastKnownFileType = sourcecode.c.objc; path = ZNBTimeLineCmtModel.m; sourceTree = "<group>"; };
		04205CA71EC9E270006AE5AE /* ZNBTimeLineViewModel.h */ = {isa = PBXFileReference; fileEncoding = 4; lastKnownFileType = sourcecode.c.h; path = ZNBTimeLineViewModel.h; sourceTree = "<group>"; };
		04205CA81EC9E270006AE5AE /* ZNBTimeLineViewModel.m */ = {isa = PBXFileReference; fileEncoding = 4; lastKnownFileType = sourcecode.c.objc; path = ZNBTimeLineViewModel.m; sourceTree = "<group>"; };
		04205CAB1EC9F972006AE5AE /* ZNBTimeLineTopView.h */ = {isa = PBXFileReference; fileEncoding = 4; lastKnownFileType = sourcecode.c.h; path = ZNBTimeLineTopView.h; sourceTree = "<group>"; };
		04205CAC1EC9F972006AE5AE /* ZNBTimeLineTopView.m */ = {isa = PBXFileReference; fileEncoding = 4; lastKnownFileType = sourcecode.c.objc; path = ZNBTimeLineTopView.m; sourceTree = "<group>"; };
		04205CAE1EC9F9AA006AE5AE /* ZNBTimeLineTopView.xib */ = {isa = PBXFileReference; fileEncoding = 4; lastKnownFileType = file.xib; path = ZNBTimeLineTopView.xib; sourceTree = "<group>"; };
		04205CB01ECA0B27006AE5AE /* ZNBTimeLineImageCell.h */ = {isa = PBXFileReference; fileEncoding = 4; lastKnownFileType = sourcecode.c.h; path = ZNBTimeLineImageCell.h; sourceTree = "<group>"; };
		04205CB11ECA0B27006AE5AE /* ZNBTimeLineImageCell.m */ = {isa = PBXFileReference; fileEncoding = 4; lastKnownFileType = sourcecode.c.objc; path = ZNBTimeLineImageCell.m; sourceTree = "<group>"; };
		04205CB51ECADD17006AE5AE /* UITableView+HYBCacheHeight.h */ = {isa = PBXFileReference; fileEncoding = 4; lastKnownFileType = sourcecode.c.h; path = "UITableView+HYBCacheHeight.h"; sourceTree = "<group>"; };
		04205CB61ECADD17006AE5AE /* UITableView+HYBCacheHeight.m */ = {isa = PBXFileReference; fileEncoding = 4; lastKnownFileType = sourcecode.c.objc; path = "UITableView+HYBCacheHeight.m"; sourceTree = "<group>"; };
		04205CB71ECADD17006AE5AE /* UITableViewCell+HYBMasonryAutoCellHeight.h */ = {isa = PBXFileReference; fileEncoding = 4; lastKnownFileType = sourcecode.c.h; path = "UITableViewCell+HYBMasonryAutoCellHeight.h"; sourceTree = "<group>"; };
		04205CB81ECADD17006AE5AE /* UITableViewCell+HYBMasonryAutoCellHeight.m */ = {isa = PBXFileReference; fileEncoding = 4; lastKnownFileType = sourcecode.c.objc; path = "UITableViewCell+HYBMasonryAutoCellHeight.m"; sourceTree = "<group>"; };
		04205CC41ECB07FA006AE5AE /* ZNBAddImageTextController.h */ = {isa = PBXFileReference; fileEncoding = 4; lastKnownFileType = sourcecode.c.h; path = ZNBAddImageTextController.h; sourceTree = "<group>"; };
		04205CC51ECB07FA006AE5AE /* ZNBAddImageTextController.m */ = {isa = PBXFileReference; fileEncoding = 4; lastKnownFileType = sourcecode.c.objc; path = ZNBAddImageTextController.m; sourceTree = "<group>"; };
		04205CC81ECB084A006AE5AE /* ZNBAddImageTextCell.h */ = {isa = PBXFileReference; fileEncoding = 4; lastKnownFileType = sourcecode.c.h; path = ZNBAddImageTextCell.h; sourceTree = "<group>"; };
		04205CC91ECB084A006AE5AE /* ZNBAddImageTextCell.m */ = {isa = PBXFileReference; fileEncoding = 4; lastKnownFileType = sourcecode.c.objc; path = ZNBAddImageTextCell.m; sourceTree = "<group>"; };
		04205CCA1ECB084A006AE5AE /* ZNBAddImageTextCell.xib */ = {isa = PBXFileReference; fileEncoding = 4; lastKnownFileType = file.xib; path = ZNBAddImageTextCell.xib; sourceTree = "<group>"; };
		04205CCD1ECB087E006AE5AE /* ZNBSetNameController.h */ = {isa = PBXFileReference; fileEncoding = 4; lastKnownFileType = sourcecode.c.h; path = ZNBSetNameController.h; sourceTree = "<group>"; };
		04205CCE1ECB087E006AE5AE /* ZNBSetNameController.m */ = {isa = PBXFileReference; fileEncoding = 4; lastKnownFileType = sourcecode.c.objc; path = ZNBSetNameController.m; sourceTree = "<group>"; };
		04205CCF1ECB087E006AE5AE /* ZNBSetNameController.xib */ = {isa = PBXFileReference; fileEncoding = 4; lastKnownFileType = file.xib; path = ZNBSetNameController.xib; sourceTree = "<group>"; };
		04205CD21ECB0892006AE5AE /* ZNBSetAddressController.h */ = {isa = PBXFileReference; fileEncoding = 4; lastKnownFileType = sourcecode.c.h; path = ZNBSetAddressController.h; sourceTree = "<group>"; };
		04205CD31ECB0892006AE5AE /* ZNBSetAddressController.m */ = {isa = PBXFileReference; fileEncoding = 4; lastKnownFileType = sourcecode.c.objc; path = ZNBSetAddressController.m; sourceTree = "<group>"; };
		04205CD41ECB0892006AE5AE /* ZNBSetAddressController.xib */ = {isa = PBXFileReference; fileEncoding = 4; lastKnownFileType = file.xib; path = ZNBSetAddressController.xib; sourceTree = "<group>"; };
		04205CD71ECB1642006AE5AE /* ZNBSetTimeController.h */ = {isa = PBXFileReference; fileEncoding = 4; lastKnownFileType = sourcecode.c.h; path = ZNBSetTimeController.h; sourceTree = "<group>"; };
		04205CD81ECB1642006AE5AE /* ZNBSetTimeController.m */ = {isa = PBXFileReference; fileEncoding = 4; lastKnownFileType = sourcecode.c.objc; path = ZNBSetTimeController.m; sourceTree = "<group>"; };
		04205CD91ECB1642006AE5AE /* ZNBSetTimeController.xib */ = {isa = PBXFileReference; fileEncoding = 4; lastKnownFileType = file.xib; path = ZNBSetTimeController.xib; sourceTree = "<group>"; };
		04205CDC1ECB2A44006AE5AE /* ZNBAddImageTextEditCell.h */ = {isa = PBXFileReference; fileEncoding = 4; lastKnownFileType = sourcecode.c.h; path = ZNBAddImageTextEditCell.h; sourceTree = "<group>"; };
		04205CDD1ECB2A44006AE5AE /* ZNBAddImageTextEditCell.m */ = {isa = PBXFileReference; fileEncoding = 4; lastKnownFileType = sourcecode.c.objc; path = ZNBAddImageTextEditCell.m; sourceTree = "<group>"; };
		04205CDE1ECB2A44006AE5AE /* ZNBAddImageTextEditCell.xib */ = {isa = PBXFileReference; fileEncoding = 4; lastKnownFileType = file.xib; path = ZNBAddImageTextEditCell.xib; sourceTree = "<group>"; };
		04205CE11ECBF3FD006AE5AE /* ZNBRaiseCmtView.h */ = {isa = PBXFileReference; fileEncoding = 4; lastKnownFileType = sourcecode.c.h; path = ZNBRaiseCmtView.h; sourceTree = "<group>"; };
		04205CE21ECBF3FD006AE5AE /* ZNBRaiseCmtView.m */ = {isa = PBXFileReference; fileEncoding = 4; lastKnownFileType = sourcecode.c.objc; path = ZNBRaiseCmtView.m; sourceTree = "<group>"; };
		04205CE41ECBF408006AE5AE /* ZNBRaiseCmtView.xib */ = {isa = PBXFileReference; fileEncoding = 4; lastKnownFileType = file.xib; path = ZNBRaiseCmtView.xib; sourceTree = "<group>"; };
		04205CF21ECC60E0006AE5AE /* ZNBAddCmtController.h */ = {isa = PBXFileReference; fileEncoding = 4; lastKnownFileType = sourcecode.c.h; path = ZNBAddCmtController.h; sourceTree = "<group>"; };
		04205CF31ECC60E0006AE5AE /* ZNBAddCmtController.m */ = {isa = PBXFileReference; fileEncoding = 4; lastKnownFileType = sourcecode.c.objc; path = ZNBAddCmtController.m; sourceTree = "<group>"; };
		04205CF41ECC60E0006AE5AE /* ZNBAddCmtController.xib */ = {isa = PBXFileReference; fileEncoding = 4; lastKnownFileType = file.xib; path = ZNBAddCmtController.xib; sourceTree = "<group>"; };
		04205CF71ECC60F0006AE5AE /* ZNBAddLikesController.h */ = {isa = PBXFileReference; fileEncoding = 4; lastKnownFileType = sourcecode.c.h; path = ZNBAddLikesController.h; sourceTree = "<group>"; };
		04205CF81ECC60F0006AE5AE /* ZNBAddLikesController.m */ = {isa = PBXFileReference; fileEncoding = 4; lastKnownFileType = sourcecode.c.objc; path = ZNBAddLikesController.m; sourceTree = "<group>"; };
		04205CF91ECC60F0006AE5AE /* ZNBAddLikesController.xib */ = {isa = PBXFileReference; fileEncoding = 4; lastKnownFileType = file.xib; path = ZNBAddLikesController.xib; sourceTree = "<group>"; };
		04205D021ECD638A006AE5AE /* ZNBLikesLabel.h */ = {isa = PBXFileReference; fileEncoding = 4; lastKnownFileType = sourcecode.c.h; path = ZNBLikesLabel.h; sourceTree = "<group>"; };
		04205D031ECD638A006AE5AE /* ZNBLikesLabel.m */ = {isa = PBXFileReference; fileEncoding = 4; lastKnownFileType = sourcecode.c.objc; path = ZNBLikesLabel.m; sourceTree = "<group>"; };
		04205D051ECD71A5006AE5AE /* ZNBLikeBGView.h */ = {isa = PBXFileReference; fileEncoding = 4; lastKnownFileType = sourcecode.c.h; path = ZNBLikeBGView.h; sourceTree = "<group>"; };
		04205D061ECD71A5006AE5AE /* ZNBLikeBGView.m */ = {isa = PBXFileReference; fileEncoding = 4; lastKnownFileType = sourcecode.c.objc; path = ZNBLikeBGView.m; sourceTree = "<group>"; };
		04205D081ECD7C8A006AE5AE /* ZNBTimeLineCmtCell.h */ = {isa = PBXFileReference; fileEncoding = 4; lastKnownFileType = sourcecode.c.h; path = ZNBTimeLineCmtCell.h; sourceTree = "<group>"; };
		04205D091ECD7C8A006AE5AE /* ZNBTimeLineCmtCell.m */ = {isa = PBXFileReference; fileEncoding = 4; lastKnownFileType = sourcecode.c.objc; path = ZNBTimeLineCmtCell.m; sourceTree = "<group>"; };
		04205D0C1ECDA492006AE5AE /* ZNBAnimationManager.h */ = {isa = PBXFileReference; fileEncoding = 4; lastKnownFileType = sourcecode.c.h; path = ZNBAnimationManager.h; sourceTree = "<group>"; };
		04205D0D1ECDA492006AE5AE /* ZNBAnimationManager.m */ = {isa = PBXFileReference; fileEncoding = 4; lastKnownFileType = sourcecode.c.objc; path = ZNBAnimationManager.m; sourceTree = "<group>"; };
		04205D121ECDB2C9006AE5AE /* ZNBAddBGViewController.h */ = {isa = PBXFileReference; fileEncoding = 4; lastKnownFileType = sourcecode.c.h; path = ZNBAddBGViewController.h; sourceTree = "<group>"; };
		04205D131ECDB2C9006AE5AE /* ZNBAddBGViewController.m */ = {isa = PBXFileReference; fileEncoding = 4; lastKnownFileType = sourcecode.c.objc; path = ZNBAddBGViewController.m; sourceTree = "<group>"; };
		04205D141ECDB2C9006AE5AE /* ZNBAddBGViewController.xib */ = {isa = PBXFileReference; fileEncoding = 4; lastKnownFileType = file.xib; path = ZNBAddBGViewController.xib; sourceTree = "<group>"; };
		04205D171ECDBB43006AE5AE /* ZNBTimeLineBGModel.h */ = {isa = PBXFileReference; fileEncoding = 4; lastKnownFileType = sourcecode.c.h; path = ZNBTimeLineBGModel.h; sourceTree = "<group>"; };
		04205D181ECDBB43006AE5AE /* ZNBTimeLineBGModel.m */ = {isa = PBXFileReference; fileEncoding = 4; lastKnownFileType = sourcecode.c.objc; path = ZNBTimeLineBGModel.m; sourceTree = "<group>"; };
		046CDA001ED67700002A8022 /* ZNBChatMessageCell.h */ = {isa = PBXFileReference; fileEncoding = 4; lastKnownFileType = sourcecode.c.h; path = ZNBChatMessageCell.h; sourceTree = "<group>"; };
		046CDA011ED67700002A8022 /* ZNBChatMessageCell.m */ = {isa = PBXFileReference; fileEncoding = 4; lastKnownFileType = sourcecode.c.objc; path = ZNBChatMessageCell.m; sourceTree = "<group>"; };
		046CDA031ED67809002A8022 /* ZNBChatMessageModel.h */ = {isa = PBXFileReference; fileEncoding = 4; lastKnownFileType = sourcecode.c.h; path = ZNBChatMessageModel.h; sourceTree = "<group>"; };
		046CDA041ED67809002A8022 /* ZNBChatMessageModel.m */ = {isa = PBXFileReference; fileEncoding = 4; lastKnownFileType = sourcecode.c.objc; path = ZNBChatMessageModel.m; sourceTree = "<group>"; };
		046CDA061ED67D91002A8022 /* ZNBChatMessageViewModel.h */ = {isa = PBXFileReference; fileEncoding = 4; lastKnownFileType = sourcecode.c.h; path = ZNBChatMessageViewModel.h; sourceTree = "<group>"; };
		046CDA071ED67D91002A8022 /* ZNBChatMessageViewModel.m */ = {isa = PBXFileReference; fileEncoding = 4; lastKnownFileType = sourcecode.c.objc; path = ZNBChatMessageViewModel.m; sourceTree = "<group>"; };
		046CDA0A1ED69427002A8022 /* ZNBAddChatMessageController.h */ = {isa = PBXFileReference; fileEncoding = 4; lastKnownFileType = sourcecode.c.h; path = ZNBAddChatMessageController.h; sourceTree = "<group>"; };
		046CDA0B1ED69427002A8022 /* ZNBAddChatMessageController.m */ = {isa = PBXFileReference; fileEncoding = 4; lastKnownFileType = sourcecode.c.objc; path = ZNBAddChatMessageController.m; sourceTree = "<group>"; };
		046CDA0C1ED69427002A8022 /* ZNBAddChatMessageController.xib */ = {isa = PBXFileReference; fileEncoding = 4; lastKnownFileType = file.xib; path = ZNBAddChatMessageController.xib; sourceTree = "<group>"; };
		046CDA0F1ED6B019002A8022 /* ZNBChatConversationModel.h */ = {isa = PBXFileReference; fileEncoding = 4; lastKnownFileType = sourcecode.c.h; path = ZNBChatConversationModel.h; sourceTree = "<group>"; };
		046CDA101ED6B019002A8022 /* ZNBChatConversationModel.m */ = {isa = PBXFileReference; fileEncoding = 4; lastKnownFileType = sourcecode.c.objc; path = ZNBChatConversationModel.m; sourceTree = "<group>"; };
		046CDA121ED6B4A0002A8022 /* ZNBConversationController.h */ = {isa = PBXFileReference; fileEncoding = 4; lastKnownFileType = sourcecode.c.h; path = ZNBConversationController.h; sourceTree = "<group>"; };
		046CDA131ED6B4A0002A8022 /* ZNBConversationController.m */ = {isa = PBXFileReference; fileEncoding = 4; lastKnownFileType = sourcecode.c.objc; path = ZNBConversationController.m; sourceTree = "<group>"; };
		046CDA151ED6B5F2002A8022 /* ZNBChatConversationViewModel.h */ = {isa = PBXFileReference; fileEncoding = 4; lastKnownFileType = sourcecode.c.h; path = ZNBChatConversationViewModel.h; sourceTree = "<group>"; };
		046CDA161ED6B5F2002A8022 /* ZNBChatConversationViewModel.m */ = {isa = PBXFileReference; fileEncoding = 4; lastKnownFileType = sourcecode.c.objc; path = ZNBChatConversationViewModel.m; sourceTree = "<group>"; };
		046CDA181ED6B76F002A8022 /* ZNBConversationCell.h */ = {isa = PBXFileReference; fileEncoding = 4; lastKnownFileType = sourcecode.c.h; path = ZNBConversationCell.h; sourceTree = "<group>"; };
		046CDA191ED6B76F002A8022 /* ZNBConversationCell.m */ = {isa = PBXFileReference; fileEncoding = 4; lastKnownFileType = sourcecode.c.objc; path = ZNBConversationCell.m; sourceTree = "<group>"; };
		046CDA1A1ED6B76F002A8022 /* ZNBConversationCell.xib */ = {isa = PBXFileReference; fileEncoding = 4; lastKnownFileType = file.xib; path = ZNBConversationCell.xib; sourceTree = "<group>"; };
		046CDA1D1ED6BBDC002A8022 /* ZNBAddConversationController.h */ = {isa = PBXFileReference; fileEncoding = 4; lastKnownFileType = sourcecode.c.h; path = ZNBAddConversationController.h; sourceTree = "<group>"; };
		046CDA1E1ED6BBDC002A8022 /* ZNBAddConversationController.m */ = {isa = PBXFileReference; fileEncoding = 4; lastKnownFileType = sourcecode.c.objc; path = ZNBAddConversationController.m; sourceTree = "<group>"; };
		046CDA201ED7D7B2002A8022 /* ZNBHomeCell.h */ = {isa = PBXFileReference; fileEncoding = 4; lastKnownFileType = sourcecode.c.h; path = ZNBHomeCell.h; sourceTree = "<group>"; };
		046CDA211ED7D7B2002A8022 /* ZNBHomeCell.m */ = {isa = PBXFileReference; fileEncoding = 4; lastKnownFileType = sourcecode.c.objc; path = ZNBHomeCell.m; sourceTree = "<group>"; };
		046CDA221ED7D7B2002A8022 /* ZNBHomeCell.xib */ = {isa = PBXFileReference; fileEncoding = 4; lastKnownFileType = file.xib; path = ZNBHomeCell.xib; sourceTree = "<group>"; };
		046CDA251ED7E1BB002A8022 /* ZNBHomeTopView.h */ = {isa = PBXFileReference; fileEncoding = 4; lastKnownFileType = sourcecode.c.h; path = ZNBHomeTopView.h; sourceTree = "<group>"; };
		046CDA261ED7E1BB002A8022 /* ZNBHomeTopView.m */ = {isa = PBXFileReference; fileEncoding = 4; lastKnownFileType = sourcecode.c.objc; path = ZNBHomeTopView.m; sourceTree = "<group>"; };
		046CDA281ED7E1C6002A8022 /* ZNBHomeTopView.xib */ = {isa = PBXFileReference; fileEncoding = 4; lastKnownFileType = file.xib; path = ZNBHomeTopView.xib; sourceTree = "<group>"; };
		046CDA2A1ED7E21B002A8022 /* HomeData.plist */ = {isa = PBXFileReference; fileEncoding = 4; lastKnownFileType = text.plist.xml; path = HomeData.plist; sourceTree = "<group>"; };
		046CDA2C1ED7EC9F002A8022 /* ZNBHomeModel.h */ = {isa = PBXFileReference; fileEncoding = 4; lastKnownFileType = sourcecode.c.h; path = ZNBHomeModel.h; sourceTree = "<group>"; };
		046CDA2D1ED7EC9F002A8022 /* ZNBHomeModel.m */ = {isa = PBXFileReference; fileEncoding = 4; lastKnownFileType = sourcecode.c.objc; path = ZNBHomeModel.m; sourceTree = "<group>"; };
		046CDA2F1ED80874002A8022 /* ZNBQRCodeImage.h */ = {isa = PBXFileReference; fileEncoding = 4; lastKnownFileType = sourcecode.c.h; path = ZNBQRCodeImage.h; sourceTree = "<group>"; };
		046CDA301ED80874002A8022 /* ZNBQRCodeImage.m */ = {isa = PBXFileReference; fileEncoding = 4; lastKnownFileType = sourcecode.c.objc; path = ZNBQRCodeImage.m; sourceTree = "<group>"; };
		04982DE81F5459D100CD06CC /* ZNBTimeTool.h */ = {isa = PBXFileReference; fileEncoding = 4; lastKnownFileType = sourcecode.c.h; path = ZNBTimeTool.h; sourceTree = "<group>"; };
		04982DE91F5459D100CD06CC /* ZNBTimeTool.m */ = {isa = PBXFileReference; fileEncoding = 4; lastKnownFileType = sourcecode.c.objc; path = ZNBTimeTool.m; sourceTree = "<group>"; };
		04982DEB1F545A5D00CD06CC /* NSDate+Date.h */ = {isa = PBXFileReference; fileEncoding = 4; lastKnownFileType = sourcecode.c.h; path = "NSDate+Date.h"; sourceTree = "<group>"; };
		04982DEC1F545A5D00CD06CC /* NSDate+Date.m */ = {isa = PBXFileReference; fileEncoding = 4; lastKnownFileType = sourcecode.c.objc; path = "NSDate+Date.m"; sourceTree = "<group>"; };
		04982DEE1F55579900CD06CC /* iAd.framework */ = {isa = PBXFileReference; lastKnownFileType = wrapper.framework; name = iAd.framework; path = System/Library/Frameworks/iAd.framework; sourceTree = SDKROOT; };
		04982E101F57E66A00CD06CC /* StoreKit.framework */ = {isa = PBXFileReference; lastKnownFileType = wrapper.framework; name = StoreKit.framework; path = System/Library/Frameworks/StoreKit.framework; sourceTree = SDKROOT; };
		04982E1C1F5800D700CD06CC /* ZNBMineViewController.h */ = {isa = PBXFileReference; fileEncoding = 4; lastKnownFileType = sourcecode.c.h; path = ZNBMineViewController.h; sourceTree = "<group>"; };
		04982E1D1F5800D700CD06CC /* ZNBMineViewController.m */ = {isa = PBXFileReference; fileEncoding = 4; lastKnownFileType = sourcecode.c.objc; path = ZNBMineViewController.m; sourceTree = "<group>"; };
		04982E1F1F58014500CD06CC /* ZNBSettingCell.h */ = {isa = PBXFileReference; fileEncoding = 4; lastKnownFileType = sourcecode.c.h; path = ZNBSettingCell.h; sourceTree = "<group>"; };
		04982E201F58014500CD06CC /* ZNBSettingCell.m */ = {isa = PBXFileReference; fileEncoding = 4; lastKnownFileType = sourcecode.c.objc; path = ZNBSettingCell.m; sourceTree = "<group>"; };
		04982E211F58014500CD06CC /* ZNBSettingCell.xib */ = {isa = PBXFileReference; fileEncoding = 4; lastKnownFileType = file.xib; path = ZNBSettingCell.xib; sourceTree = "<group>"; };
		04982E241F58056B00CD06CC /* ZNBRemoveADViewController.h */ = {isa = PBXFileReference; fileEncoding = 4; lastKnownFileType = sourcecode.c.h; path = ZNBRemoveADViewController.h; sourceTree = "<group>"; };
		04982E251F58056B00CD06CC /* ZNBRemoveADViewController.m */ = {isa = PBXFileReference; fileEncoding = 4; lastKnownFileType = sourcecode.c.objc; path = ZNBRemoveADViewController.m; sourceTree = "<group>"; };
		04982E271F58080000CD06CC /* IAPManager.h */ = {isa = PBXFileReference; fileEncoding = 4; lastKnownFileType = sourcecode.c.h; path = IAPManager.h; sourceTree = "<group>"; };
		04982E281F58080000CD06CC /* IAPManager.m */ = {isa = PBXFileReference; fileEncoding = 4; lastKnownFileType = sourcecode.c.objc; path = IAPManager.m; sourceTree = "<group>"; };
		04982E2B1F5822B700CD06CC /* GDTMobBannerView.h */ = {isa = PBXFileReference; fileEncoding = 4; lastKnownFileType = sourcecode.c.h; path = GDTMobBannerView.h; sourceTree = "<group>"; };
		04982E2C1F5822B700CD06CC /* GDTMobInterstitial.h */ = {isa = PBXFileReference; fileEncoding = 4; lastKnownFileType = sourcecode.c.h; path = GDTMobInterstitial.h; sourceTree = "<group>"; };
		04982E2D1F5822B700CD06CC /* GDTNativeAd.h */ = {isa = PBXFileReference; fileEncoding = 4; lastKnownFileType = sourcecode.c.h; path = GDTNativeAd.h; sourceTree = "<group>"; };
		04982E2E1F5822B700CD06CC /* GDTNativeExpressAd.h */ = {isa = PBXFileReference; fileEncoding = 4; lastKnownFileType = sourcecode.c.h; path = GDTNativeExpressAd.h; sourceTree = "<group>"; };
		04982E2F1F5822B700CD06CC /* GDTNativeExpressAdView.h */ = {isa = PBXFileReference; fileEncoding = 4; lastKnownFileType = sourcecode.c.h; path = GDTNativeExpressAdView.h; sourceTree = "<group>"; };
		04982E301F5822B700CD06CC /* GDTSplashAd.h */ = {isa = PBXFileReference; fileEncoding = 4; lastKnownFileType = sourcecode.c.h; path = GDTSplashAd.h; sourceTree = "<group>"; };
		04982E311F5822B700CD06CC /* GDTTrack.h */ = {isa = PBXFileReference; fileEncoding = 4; lastKnownFileType = sourcecode.c.h; path = GDTTrack.h; sourceTree = "<group>"; };
		04982E321F5822B700CD06CC /* libGDTMobSDK.a */ = {isa = PBXFileReference; lastKnownFileType = archive.ar; path = libGDTMobSDK.a; sourceTree = "<group>"; };
		04982E341F58235800CD06CC /* libz.1.1.3.tbd */ = {isa = PBXFileReference; lastKnownFileType = "sourcecode.text-based-dylib-definition"; name = libz.1.1.3.tbd; path = usr/lib/libz.1.1.3.tbd; sourceTree = SDKROOT; };
		04A910F61ED58A8E00AAF266 /* ZNBChatViewController.h */ = {isa = PBXFileReference; fileEncoding = 4; lastKnownFileType = sourcecode.c.h; path = ZNBChatViewController.h; sourceTree = "<group>"; };
		04A910F71ED58A8E00AAF266 /* ZNBChatViewController.m */ = {isa = PBXFileReference; fileEncoding = 4; lastKnownFileType = sourcecode.c.objc; path = ZNBChatViewController.m; sourceTree = "<group>"; };
		04A910F91ED58D5100AAF266 /* ZNBKeywordToolBar.h */ = {isa = PBXFileReference; fileEncoding = 4; lastKnownFileType = sourcecode.c.h; path = ZNBKeywordToolBar.h; sourceTree = "<group>"; };
		04A910FA1ED58D5100AAF266 /* ZNBKeywordToolBar.m */ = {isa = PBXFileReference; fileEncoding = 4; lastKnownFileType = sourcecode.c.objc; path = ZNBKeywordToolBar.m; sourceTree = "<group>"; };
		04A910FC1ED58D5800AAF266 /* ZNBKeywordToolBar.xib */ = {isa = PBXFileReference; fileEncoding = 4; lastKnownFileType = file.xib; path = ZNBKeywordToolBar.xib; sourceTree = "<group>"; };
		04AE502B1EDDA42E00878D4E /* CustomCardCollectionViewFlowLayout.h */ = {isa = PBXFileReference; fileEncoding = 4; lastKnownFileType = sourcecode.c.h; path = CustomCardCollectionViewFlowLayout.h; sourceTree = "<group>"; };
		04AE502C1EDDA42E00878D4E /* CustomCardCollectionViewFlowLayout.m */ = {isa = PBXFileReference; fileEncoding = 4; lastKnownFileType = sourcecode.c.objc; path = CustomCardCollectionViewFlowLayout.m; sourceTree = "<group>"; };
		04AE50331EDDA94C00878D4E /* ZNBQRViewController.h */ = {isa = PBXFileReference; fileEncoding = 4; lastKnownFileType = sourcecode.c.h; path = ZNBQRViewController.h; sourceTree = "<group>"; };
		04AE50341EDDA94C00878D4E /* ZNBQRViewController.m */ = {isa = PBXFileReference; fileEncoding = 4; lastKnownFileType = sourcecode.c.objc; path = ZNBQRViewController.m; sourceTree = "<group>"; };
		04AE50361EDDAC5C00878D4E /* ZNBQRCollectionViewCell.h */ = {isa = PBXFileReference; fileEncoding = 4; lastKnownFileType = sourcecode.c.h; path = ZNBQRCollectionViewCell.h; sourceTree = "<group>"; };
		04AE50371EDDAC5C00878D4E /* ZNBQRCollectionViewCell.m */ = {isa = PBXFileReference; fileEncoding = 4; lastKnownFileType = sourcecode.c.objc; path = ZNBQRCollectionViewCell.m; sourceTree = "<group>"; };
		04AE50381EDDAC5C00878D4E /* ZNBQRCollectionViewCell.xib */ = {isa = PBXFileReference; fileEncoding = 4; lastKnownFileType = file.xib; path = ZNBQRCollectionViewCell.xib; sourceTree = "<group>"; };
		04AE503B1EDDC1E000878D4E /* ZNBQRBottomToolView.h */ = {isa = PBXFileReference; fileEncoding = 4; lastKnownFileType = sourcecode.c.h; path = ZNBQRBottomToolView.h; sourceTree = "<group>"; };
		04AE503C1EDDC1E000878D4E /* ZNBQRBottomToolView.m */ = {isa = PBXFileReference; fileEncoding = 4; lastKnownFileType = sourcecode.c.objc; path = ZNBQRBottomToolView.m; sourceTree = "<group>"; };
		04AE503E1EDDC1E900878D4E /* ZNBQRBottomToolView.xib */ = {isa = PBXFileReference; fileEncoding = 4; lastKnownFileType = file.xib; path = ZNBQRBottomToolView.xib; sourceTree = "<group>"; };
		04AE508A1EDECD3900878D4E /* UIImageView+Color.h */ = {isa = PBXFileReference; fileEncoding = 4; lastKnownFileType = sourcecode.c.h; path = "UIImageView+Color.h"; sourceTree = "<group>"; };
		04AE508B1EDECD3900878D4E /* UIImageView+Color.m */ = {isa = PBXFileReference; fileEncoding = 4; lastKnownFileType = sourcecode.c.objc; path = "UIImageView+Color.m"; sourceTree = "<group>"; };
		04AE50C71EE4355500878D4E /* Launch Screen.storyboard */ = {isa = PBXFileReference; fileEncoding = 4; lastKnownFileType = file.storyboard; path = "Launch Screen.storyboard"; sourceTree = "<group>"; };
		04AE50CB1EE4F26B00878D4E /* fb_rotation.png */ = {isa = PBXFileReference; lastKnownFileType = image.png; path = fb_rotation.png; sourceTree = "<group>"; };
		04AE50CC1EE4F26B00878D4E /* fb_wave.png */ = {isa = PBXFileReference; lastKnownFileType = image.png; path = fb_wave.png; sourceTree = "<group>"; };
		04AE50CD1EE4F26B00878D4E /* SXWaveCell.xib */ = {isa = PBXFileReference; fileEncoding = 4; lastKnownFileType = file.xib; path = SXWaveCell.xib; sourceTree = "<group>"; };
		04AE50CE1EE4F26B00878D4E /* SXHalfWaveView.h */ = {isa = PBXFileReference; fileEncoding = 4; lastKnownFileType = sourcecode.c.h; path = SXHalfWaveView.h; sourceTree = "<group>"; };
		04AE50CF1EE4F26B00878D4E /* SXHalfWaveView.m */ = {isa = PBXFileReference; fileEncoding = 4; lastKnownFileType = sourcecode.c.objc; path = SXHalfWaveView.m; sourceTree = "<group>"; };
		04AE50D01EE4F26B00878D4E /* SXViewAdditions.h */ = {isa = PBXFileReference; fileEncoding = 4; lastKnownFileType = sourcecode.c.h; path = SXViewAdditions.h; sourceTree = "<group>"; };
		04AE50D11EE4F26B00878D4E /* SXViewAdditions.m */ = {isa = PBXFileReference; fileEncoding = 4; lastKnownFileType = sourcecode.c.objc; path = SXViewAdditions.m; sourceTree = "<group>"; };
		04AE50D21EE4F26B00878D4E /* SXWaterBackground.h */ = {isa = PBXFileReference; fileEncoding = 4; lastKnownFileType = sourcecode.c.h; path = SXWaterBackground.h; sourceTree = "<group>"; };
		04AE50D31EE4F26B00878D4E /* SXWaterBackground.m */ = {isa = PBXFileReference; fileEncoding = 4; lastKnownFileType = sourcecode.c.objc; path = SXWaterBackground.m; sourceTree = "<group>"; };
		04AE50D41EE4F26B00878D4E /* SXWaveCell.h */ = {isa = PBXFileReference; fileEncoding = 4; lastKnownFileType = sourcecode.c.h; path = SXWaveCell.h; sourceTree = "<group>"; };
		04AE50D51EE4F26B00878D4E /* SXWaveCell.m */ = {isa = PBXFileReference; fileEncoding = 4; lastKnownFileType = sourcecode.c.objc; path = SXWaveCell.m; sourceTree = "<group>"; };
		04AE50D61EE4F26B00878D4E /* SXWaveView.h */ = {isa = PBXFileReference; fileEncoding = 4; lastKnownFileType = sourcecode.c.h; path = SXWaveView.h; sourceTree = "<group>"; };
		04AE50D71EE4F26B00878D4E /* SXWaveView.m */ = {isa = PBXFileReference; fileEncoding = 4; lastKnownFileType = sourcecode.c.objc; path = SXWaveView.m; sourceTree = "<group>"; };
		04AE50D81EE4F26B00878D4E /* UIColor+Separate.h */ = {isa = PBXFileReference; fileEncoding = 4; lastKnownFileType = sourcecode.c.h; path = "UIColor+Separate.h"; sourceTree = "<group>"; };
		04AE50D91EE4F26B00878D4E /* UIColor+Separate.m */ = {isa = PBXFileReference; fileEncoding = 4; lastKnownFileType = sourcecode.c.objc; path = "UIColor+Separate.m"; sourceTree = "<group>"; };
		04AE50E31EE511D200878D4E /* ZNBRedPageMessageCell.h */ = {isa = PBXFileReference; fileEncoding = 4; lastKnownFileType = sourcecode.c.h; path = ZNBRedPageMessageCell.h; sourceTree = "<group>"; };
		04AE50E41EE511D200878D4E /* ZNBRedPageMessageCell.m */ = {isa = PBXFileReference; fileEncoding = 4; lastKnownFileType = sourcecode.c.objc; path = ZNBRedPageMessageCell.m; sourceTree = "<group>"; };
		04AE50E81EE540FC00878D4E /* ZNBRedPageViewController.h */ = {isa = PBXFileReference; fileEncoding = 4; lastKnownFileType = sourcecode.c.h; path = ZNBRedPageViewController.h; sourceTree = "<group>"; };
		04AE50E91EE540FC00878D4E /* ZNBRedPageViewController.m */ = {isa = PBXFileReference; fileEncoding = 4; lastKnownFileType = sourcecode.c.objc; path = ZNBRedPageViewController.m; sourceTree = "<group>"; };
		04AE50EA1EE540FC00878D4E /* ZNBRedPageViewController.xib */ = {isa = PBXFileReference; fileEncoding = 4; lastKnownFileType = file.xib; path = ZNBRedPageViewController.xib; sourceTree = "<group>"; };
		04AE50EE1EE546A900878D4E /* PopoverAction.h */ = {isa = PBXFileReference; fileEncoding = 4; lastKnownFileType = sourcecode.c.h; path = PopoverAction.h; sourceTree = "<group>"; };
		04AE50EF1EE546A900878D4E /* PopoverAction.m */ = {isa = PBXFileReference; fileEncoding = 4; lastKnownFileType = sourcecode.c.objc; path = PopoverAction.m; sourceTree = "<group>"; };
		04AE50F01EE546A900878D4E /* PopoverView.h */ = {isa = PBXFileReference; fileEncoding = 4; lastKnownFileType = sourcecode.c.h; path = PopoverView.h; sourceTree = "<group>"; };
		04AE50F11EE546A900878D4E /* PopoverView.m */ = {isa = PBXFileReference; fileEncoding = 4; lastKnownFileType = sourcecode.c.objc; path = PopoverView.m; sourceTree = "<group>"; };
		04AE50F21EE546A900878D4E /* PopoverViewCell.h */ = {isa = PBXFileReference; fileEncoding = 4; lastKnownFileType = sourcecode.c.h; path = PopoverViewCell.h; sourceTree = "<group>"; };
		04AE50F31EE546A900878D4E /* PopoverViewCell.m */ = {isa = PBXFileReference; fileEncoding = 4; lastKnownFileType = sourcecode.c.objc; path = PopoverViewCell.m; sourceTree = "<group>"; };
		04AE50F71EE645AD00878D4E /* ZNBAddQRViewController.h */ = {isa = PBXFileReference; fileEncoding = 4; lastKnownFileType = sourcecode.c.h; path = ZNBAddQRViewController.h; sourceTree = "<group>"; };
		04AE50F81EE645AD00878D4E /* ZNBAddQRViewController.m */ = {isa = PBXFileReference; fileEncoding = 4; lastKnownFileType = sourcecode.c.objc; path = ZNBAddQRViewController.m; sourceTree = "<group>"; };
		04AE50FA1EE6488B00878D4E /* ZNBAddQRViewController.xib */ = {isa = PBXFileReference; fileEncoding = 4; lastKnownFileType = file.xib; path = ZNBAddQRViewController.xib; sourceTree = "<group>"; };
		0E7CB10A47565F222369FBF0 /* libPods-ZNBCos.a */ = {isa = PBXFileReference; explicitFileType = archive.ar; includeInIndex = 0; path = "libPods-ZNBCos.a"; sourceTree = BUILT_PRODUCTS_DIR; };
		A0D63A6752E32CA532764D2D /* Pods-ZNBCos.release.xcconfig */ = {isa = PBXFileReference; includeInIndex = 1; lastKnownFileType = text.xcconfig; name = "Pods-ZNBCos.release.xcconfig"; path = "Pods/Target Support Files/Pods-ZNBCos/Pods-ZNBCos.release.xcconfig"; sourceTree = "<group>"; };
		FE2D7BEBAFB5EC94DFBA82B0 /* Pods-ZNBCos.debug.xcconfig */ = {isa = PBXFileReference; includeInIndex = 1; lastKnownFileType = text.xcconfig; name = "Pods-ZNBCos.debug.xcconfig"; path = "Pods/Target Support Files/Pods-ZNBCos/Pods-ZNBCos.debug.xcconfig"; sourceTree = "<group>"; };
/* End PBXFileReference section */

/* Begin PBXFrameworksBuildPhase section */
		041A1C521F10F43E00E9786B /* Frameworks */ = {
			isa = PBXFrameworksBuildPhase;
			buildActionMask = 2147483647;
			files = (
			);
			runOnlyForDeploymentPostprocessing = 0;
		};
		04205C401EC60666006AE5AE /* Frameworks */ = {
			isa = PBXFrameworksBuildPhase;
			buildActionMask = 2147483647;
			files = (
				04982E351F58235800CD06CC /* libz.1.1.3.tbd in Frameworks */,
				04982E111F57E66A00CD06CC /* StoreKit.framework in Frameworks */,
				CC266807CDB8FCB6F9F8E99A /* libPods-ZNBCos.a in Frameworks */,
				04982E331F5822B700CD06CC /* libGDTMobSDK.a in Frameworks */,
			);
			runOnlyForDeploymentPostprocessing = 0;
		};
/* End PBXFrameworksBuildPhase section */

/* Begin PBXGroup section */
		041A1C561F10F43F00E9786B /* ZNBPush */ = {
			isa = PBXGroup;
			children = (
				041A1C661F131CC300E9786B /* ZNBPush.entitlements */,
				041A1C5A1F10F43F00E9786B /* Info.plist */,
				041A1C571F10F43F00E9786B /* NotificationService.h */,
				041A1C581F10F43F00E9786B /* NotificationService.m */,
			);
			path = ZNBPush;
			sourceTree = "<group>";
		};
		041A1C671F13222D00E9786B /* WEB */ = {
			isa = PBXGroup;
			children = (
				041A1C681F13224800E9786B /* ZNBWebViewController.h */,
				041A1C691F13224800E9786B /* ZNBWebViewController.m */,
			);
			path = WEB;
			sourceTree = "<group>";
		};
		04205C3A1EC60666006AE5AE = {
			isa = PBXGroup;
			children = (
				04205C451EC60666006AE5AE /* ZNBCos */,
				041A1C561F10F43F00E9786B /* ZNBPush */,
				04205C441EC60666006AE5AE /* Products */,
				E4E500F4D1B976B13B806EB5 /* Pods */,
				76CA71441ACA5F1C4EB199C0 /* Frameworks */,
			);
			sourceTree = "<group>";
		};
		04205C441EC60666006AE5AE /* Products */ = {
			isa = PBXGroup;
			children = (
				04205C431EC60666006AE5AE /* ZNBCos.app */,
				041A1C551F10F43F00E9786B /* ZNBPush.appex */,
			);
			name = Products;
			sourceTree = "<group>";
		};
		04205C451EC60666006AE5AE /* ZNBCos */ = {
			isa = PBXGroup;
			children = (
				041A1C651F1317B700E9786B /* ZNBCos.entitlements */,
				04205C6D1EC8C2D9006AE5AE /* Class */,
				04205C491EC60666006AE5AE /* AppDelegate.h */,
				04205C4A1EC60666006AE5AE /* AppDelegate.m */,
				041A1C621F13131A00E9786B /* AppDelegate+JPush.h */,
				041A1C631F13131A00E9786B /* AppDelegate+JPush.m */,
				04205C4F1EC60666006AE5AE /* Main.storyboard */,
				04205C521EC60666006AE5AE /* Assets.xcassets */,
				04205C7B1EC8C2EC006AE5AE /* Other */,
				04205C461EC60666006AE5AE /* Supporting Files */,
				04AE50C71EE4355500878D4E /* Launch Screen.storyboard */,
			);
			path = ZNBCos;
			sourceTree = "<group>";
		};
		04205C461EC60666006AE5AE /* Supporting Files */ = {
			isa = PBXGroup;
			children = (
				04205C881EC9089B006AE5AE /* Info.plist */,
				04205C861EC907A3006AE5AE /* main.m */,
			);
			name = "Supporting Files";
			sourceTree = "<group>";
		};
		04205C6D1EC8C2D9006AE5AE /* Class */ = {
			isa = PBXGroup;
			children = (
				04982E2A1F5822B700CD06CC /* lib */,
				04A910F11ED58A2E00AAF266 /* 聊天界面 */,
				04205C8A1EC98823006AE5AE /* BaseViewController */,
				04205C6E1EC8C2D9006AE5AE /* 主页 */,
				04205C751EC8C2D9006AE5AE /* 朋友圈 */,
				04AE502E1EDDA68100878D4E /* 二维码 */,
				041A1C671F13222D00E9786B /* WEB */,
				04982E181F5800A200CD06CC /* Mine */,
			);
			path = Class;
			sourceTree = "<group>";
		};
		04205C6E1EC8C2D9006AE5AE /* 主页 */ = {
			isa = PBXGroup;
			children = (
				04205C6F1EC8C2D9006AE5AE /* Controller */,
				04205C721EC8C2D9006AE5AE /* Model */,
				04205C731EC8C2D9006AE5AE /* View */,
				04205C741EC8C2D9006AE5AE /* ViewModel */,
			);
			path = "主页";
			sourceTree = "<group>";
		};
		04205C6F1EC8C2D9006AE5AE /* Controller */ = {
			isa = PBXGroup;
			children = (
				04205C701EC8C2D9006AE5AE /* ViewController.h */,
				04205C711EC8C2D9006AE5AE /* ViewController.m */,
			);
			path = Controller;
			sourceTree = "<group>";
		};
		04205C721EC8C2D9006AE5AE /* Model */ = {
			isa = PBXGroup;
			children = (
				046CDA2A1ED7E21B002A8022 /* HomeData.plist */,
				046CDA2C1ED7EC9F002A8022 /* ZNBHomeModel.h */,
				046CDA2D1ED7EC9F002A8022 /* ZNBHomeModel.m */,
			);
			path = Model;
			sourceTree = "<group>";
		};
		04205C731EC8C2D9006AE5AE /* View */ = {
			isa = PBXGroup;
			children = (
				04AE502B1EDDA42E00878D4E /* CustomCardCollectionViewFlowLayout.h */,
				04AE502C1EDDA42E00878D4E /* CustomCardCollectionViewFlowLayout.m */,
				046CDA201ED7D7B2002A8022 /* ZNBHomeCell.h */,
				046CDA211ED7D7B2002A8022 /* ZNBHomeCell.m */,
				046CDA221ED7D7B2002A8022 /* ZNBHomeCell.xib */,
				046CDA251ED7E1BB002A8022 /* ZNBHomeTopView.h */,
				046CDA261ED7E1BB002A8022 /* ZNBHomeTopView.m */,
				046CDA281ED7E1C6002A8022 /* ZNBHomeTopView.xib */,
			);
			path = View;
			sourceTree = "<group>";
		};
		04205C741EC8C2D9006AE5AE /* ViewModel */ = {
			isa = PBXGroup;
			children = (
			);
			path = ViewModel;
			sourceTree = "<group>";
		};
		04205C751EC8C2D9006AE5AE /* 朋友圈 */ = {
			isa = PBXGroup;
			children = (
				04205C761EC8C2D9006AE5AE /* Controller */,
				04205C771EC8C2D9006AE5AE /* Model */,
				04205C781EC8C2D9006AE5AE /* View */,
				04205C791EC8C2D9006AE5AE /* ViewModel */,
			);
			path = "朋友圈";
			sourceTree = "<group>";
		};
		04205C761EC8C2D9006AE5AE /* Controller */ = {
			isa = PBXGroup;
			children = (
				04205CC31ECB07FA006AE5AE /* 朋友圈子控制器 */,
				04205C801EC8C345006AE5AE /* ZNBTimeLineController.h */,
				04205C811EC8C345006AE5AE /* ZNBTimeLineController.m */,
			);
			path = Controller;
			sourceTree = "<group>";
		};
		04205C771EC8C2D9006AE5AE /* Model */ = {
			isa = PBXGroup;
			children = (
				04205C9E1EC9ADDA006AE5AE /* ZNBTimeLineModel.h */,
				04205C9F1EC9ADDA006AE5AE /* ZNBTimeLineModel.m */,
				04205CA11EC9AE71006AE5AE /* ZNBImageModel.h */,
				04205CA21EC9AE71006AE5AE /* ZNBImageModel.m */,
				04205CA41EC9AE8D006AE5AE /* ZNBTimeLineCmtModel.h */,
				04205CA51EC9AE8D006AE5AE /* ZNBTimeLineCmtModel.m */,
				04205D171ECDBB43006AE5AE /* ZNBTimeLineBGModel.h */,
				04205D181ECDBB43006AE5AE /* ZNBTimeLineBGModel.m */,
			);
			path = Model;
			sourceTree = "<group>";
		};
		04205C781EC8C2D9006AE5AE /* View */ = {
			isa = PBXGroup;
			children = (
				04205CC71ECB084A006AE5AE /* 子视图 */,
				04205C9B1EC9AC21006AE5AE /* ZNBTimeLineCell.h */,
				04205C9C1EC9AC21006AE5AE /* ZNBTimeLineCell.m */,
				04205CAB1EC9F972006AE5AE /* ZNBTimeLineTopView.h */,
				04205CAC1EC9F972006AE5AE /* ZNBTimeLineTopView.m */,
				04205CAE1EC9F9AA006AE5AE /* ZNBTimeLineTopView.xib */,
				04205CB01ECA0B27006AE5AE /* ZNBTimeLineImageCell.h */,
				04205CB11ECA0B27006AE5AE /* ZNBTimeLineImageCell.m */,
				04205CE11ECBF3FD006AE5AE /* ZNBRaiseCmtView.h */,
				04205CE21ECBF3FD006AE5AE /* ZNBRaiseCmtView.m */,
				04205CE41ECBF408006AE5AE /* ZNBRaiseCmtView.xib */,
				04205D081ECD7C8A006AE5AE /* ZNBTimeLineCmtCell.h */,
				04205D091ECD7C8A006AE5AE /* ZNBTimeLineCmtCell.m */,
			);
			path = View;
			sourceTree = "<group>";
		};
		04205C791EC8C2D9006AE5AE /* ViewModel */ = {
			isa = PBXGroup;
			children = (
				04205CA71EC9E270006AE5AE /* ZNBTimeLineViewModel.h */,
				04205CA81EC9E270006AE5AE /* ZNBTimeLineViewModel.m */,
			);
			path = ViewModel;
			sourceTree = "<group>";
		};
		04205C7B1EC8C2EC006AE5AE /* Other */ = {
			isa = PBXGroup;
			children = (
				04205D0B1ECDA479006AE5AE /* Tool */,
				04205CB31ECADD17006AE5AE /* ThirdPart */,
				04205C8E1EC99F71006AE5AE /* Catory */,
				04205C831EC8C3C1006AE5AE /* PrefixHeader.pch */,
			);
			path = Other;
			sourceTree = "<group>";
		};
		04205C8A1EC98823006AE5AE /* BaseViewController */ = {
			isa = PBXGroup;
			children = (
				04205C8B1EC988BB006AE5AE /* ZNBNavigationController.h */,
				04205C8C1EC988BB006AE5AE /* ZNBNavigationController.m */,
			);
			path = BaseViewController;
			sourceTree = "<group>";
		};
		04205C8E1EC99F71006AE5AE /* Catory */ = {
			isa = PBXGroup;
			children = (
				04205C8F1EC99F71006AE5AE /* UIColor+Hex.h */,
				04205C901EC99F71006AE5AE /* UIColor+Hex.m */,
				04205C911EC99F71006AE5AE /* UIImage+Image.h */,
				04205C921EC99F71006AE5AE /* UIImage+Image.m */,
				04205C931EC99F71006AE5AE /* UIImage+Render.h */,
				04205C941EC99F71006AE5AE /* UIImage+Render.m */,
				04205C951EC99F71006AE5AE /* UIView+SFrame.h */,
				04205C961EC99F71006AE5AE /* UIView+SFrame.m */,
				04AE508A1EDECD3900878D4E /* UIImageView+Color.h */,
				04AE508B1EDECD3900878D4E /* UIImageView+Color.m */,
				04982DEB1F545A5D00CD06CC /* NSDate+Date.h */,
				04982DEC1F545A5D00CD06CC /* NSDate+Date.m */,
			);
			path = Catory;
			sourceTree = "<group>";
		};
		04205CB31ECADD17006AE5AE /* ThirdPart */ = {
			isa = PBXGroup;
			children = (
				04AE50ED1EE546A900878D4E /* PopoverView */,
				04AE50C91EE4F26B00878D4E /* SXWaveAnimate */,
				04205CB41ECADD17006AE5AE /* HYBMasonryAutoCellHeight */,
			);
			path = ThirdPart;
			sourceTree = "<group>";
		};
		04205CB41ECADD17006AE5AE /* HYBMasonryAutoCellHeight */ = {
			isa = PBXGroup;
			children = (
				04205CB51ECADD17006AE5AE /* UITableView+HYBCacheHeight.h */,
				04205CB61ECADD17006AE5AE /* UITableView+HYBCacheHeight.m */,
				04205CB71ECADD17006AE5AE /* UITableViewCell+HYBMasonryAutoCellHeight.h */,
				04205CB81ECADD17006AE5AE /* UITableViewCell+HYBMasonryAutoCellHeight.m */,
			);
			path = HYBMasonryAutoCellHeight;
			sourceTree = "<group>";
		};
		04205CC31ECB07FA006AE5AE /* 朋友圈子控制器 */ = {
			isa = PBXGroup;
			children = (
				04205CF71ECC60F0006AE5AE /* ZNBAddLikesController.h */,
				04205CF81ECC60F0006AE5AE /* ZNBAddLikesController.m */,
				04205CF91ECC60F0006AE5AE /* ZNBAddLikesController.xib */,
				04205CF21ECC60E0006AE5AE /* ZNBAddCmtController.h */,
				04205CF31ECC60E0006AE5AE /* ZNBAddCmtController.m */,
				04205CF41ECC60E0006AE5AE /* ZNBAddCmtController.xib */,
				04205CC41ECB07FA006AE5AE /* ZNBAddImageTextController.h */,
				04205CC51ECB07FA006AE5AE /* ZNBAddImageTextController.m */,
				04205CCD1ECB087E006AE5AE /* ZNBSetNameController.h */,
				04205CCE1ECB087E006AE5AE /* ZNBSetNameController.m */,
				04205CCF1ECB087E006AE5AE /* ZNBSetNameController.xib */,
				04205CD21ECB0892006AE5AE /* ZNBSetAddressController.h */,
				04205CD31ECB0892006AE5AE /* ZNBSetAddressController.m */,
				04205CD41ECB0892006AE5AE /* ZNBSetAddressController.xib */,
				04205CD71ECB1642006AE5AE /* ZNBSetTimeController.h */,
				04205CD81ECB1642006AE5AE /* ZNBSetTimeController.m */,
				04205CD91ECB1642006AE5AE /* ZNBSetTimeController.xib */,
				04205D121ECDB2C9006AE5AE /* ZNBAddBGViewController.h */,
				04205D131ECDB2C9006AE5AE /* ZNBAddBGViewController.m */,
				04205D141ECDB2C9006AE5AE /* ZNBAddBGViewController.xib */,
			);
			path = "朋友圈子控制器";
			sourceTree = "<group>";
		};
		04205CC71ECB084A006AE5AE /* 子视图 */ = {
			isa = PBXGroup;
			children = (
				04205CC81ECB084A006AE5AE /* ZNBAddImageTextCell.h */,
				04205CC91ECB084A006AE5AE /* ZNBAddImageTextCell.m */,
				04205CCA1ECB084A006AE5AE /* ZNBAddImageTextCell.xib */,
				04205CDC1ECB2A44006AE5AE /* ZNBAddImageTextEditCell.h */,
				04205CDD1ECB2A44006AE5AE /* ZNBAddImageTextEditCell.m */,
				04205CDE1ECB2A44006AE5AE /* ZNBAddImageTextEditCell.xib */,
				04205D021ECD638A006AE5AE /* ZNBLikesLabel.h */,
				04205D031ECD638A006AE5AE /* ZNBLikesLabel.m */,
				04205D051ECD71A5006AE5AE /* ZNBLikeBGView.h */,
				04205D061ECD71A5006AE5AE /* ZNBLikeBGView.m */,
			);
			path = "子视图";
			sourceTree = "<group>";
		};
		04205D0B1ECDA479006AE5AE /* Tool */ = {
			isa = PBXGroup;
			children = (
				04205D0C1ECDA492006AE5AE /* ZNBAnimationManager.h */,
				04205D0D1ECDA492006AE5AE /* ZNBAnimationManager.m */,
				046CDA2F1ED80874002A8022 /* ZNBQRCodeImage.h */,
				046CDA301ED80874002A8022 /* ZNBQRCodeImage.m */,
				04982DE81F5459D100CD06CC /* ZNBTimeTool.h */,
				04982DE91F5459D100CD06CC /* ZNBTimeTool.m */,
				04982E271F58080000CD06CC /* IAPManager.h */,
				04982E281F58080000CD06CC /* IAPManager.m */,
			);
			path = Tool;
			sourceTree = "<group>";
		};
		046CDA091ED693E3002A8022 /* 聊天子控制器 */ = {
			isa = PBXGroup;
			children = (
				046CDA0A1ED69427002A8022 /* ZNBAddChatMessageController.h */,
				046CDA0B1ED69427002A8022 /* ZNBAddChatMessageController.m */,
				046CDA0C1ED69427002A8022 /* ZNBAddChatMessageController.xib */,
				046CDA1D1ED6BBDC002A8022 /* ZNBAddConversationController.h */,
				046CDA1E1ED6BBDC002A8022 /* ZNBAddConversationController.m */,
				04AE50E81EE540FC00878D4E /* ZNBRedPageViewController.h */,
				04AE50E91EE540FC00878D4E /* ZNBRedPageViewController.m */,
				04AE50EA1EE540FC00878D4E /* ZNBRedPageViewController.xib */,
			);
			path = "聊天子控制器";
			sourceTree = "<group>";
		};
		04982E181F5800A200CD06CC /* Mine */ = {
			isa = PBXGroup;
			children = (
				04982E191F5800A200CD06CC /* Controller */,
				04982E1A1F5800A200CD06CC /* Model */,
				04982E1B1F5800A200CD06CC /* View */,
			);
			path = Mine;
			sourceTree = "<group>";
		};
		04982E191F5800A200CD06CC /* Controller */ = {
			isa = PBXGroup;
			children = (
				04982E1C1F5800D700CD06CC /* ZNBMineViewController.h */,
				04982E1D1F5800D700CD06CC /* ZNBMineViewController.m */,
				04982E241F58056B00CD06CC /* ZNBRemoveADViewController.h */,
				04982E251F58056B00CD06CC /* ZNBRemoveADViewController.m */,
			);
			path = Controller;
			sourceTree = "<group>";
		};
		04982E1A1F5800A200CD06CC /* Model */ = {
			isa = PBXGroup;
			children = (
			);
			path = Model;
			sourceTree = "<group>";
		};
		04982E1B1F5800A200CD06CC /* View */ = {
			isa = PBXGroup;
			children = (
				04982E1F1F58014500CD06CC /* ZNBSettingCell.h */,
				04982E201F58014500CD06CC /* ZNBSettingCell.m */,
				04982E211F58014500CD06CC /* ZNBSettingCell.xib */,
			);
			path = View;
			sourceTree = "<group>";
		};
		04982E2A1F5822B700CD06CC /* lib */ = {
			isa = PBXGroup;
			children = (
				04982E2B1F5822B700CD06CC /* GDTMobBannerView.h */,
				04982E2C1F5822B700CD06CC /* GDTMobInterstitial.h */,
				04982E2D1F5822B700CD06CC /* GDTNativeAd.h */,
				04982E2E1F5822B700CD06CC /* GDTNativeExpressAd.h */,
				04982E2F1F5822B700CD06CC /* GDTNativeExpressAdView.h */,
				04982E301F5822B700CD06CC /* GDTSplashAd.h */,
				04982E311F5822B700CD06CC /* GDTTrack.h */,
				04982E321F5822B700CD06CC /* libGDTMobSDK.a */,
			);
			path = lib;
			sourceTree = "<group>";
		};
		04A910F11ED58A2E00AAF266 /* 聊天界面 */ = {
			isa = PBXGroup;
			children = (
				04A910F21ED58A2E00AAF266 /* Controller */,
				04A910F31ED58A2E00AAF266 /* Model */,
				04A910F41ED58A2E00AAF266 /* View */,
				04A910F51ED58A2E00AAF266 /* ViewModel */,
			);
			path = "聊天界面";
			sourceTree = "<group>";
		};
		04A910F21ED58A2E00AAF266 /* Controller */ = {
			isa = PBXGroup;
			children = (
				046CDA091ED693E3002A8022 /* 聊天子控制器 */,
				04A910F61ED58A8E00AAF266 /* ZNBChatViewController.h */,
				04A910F71ED58A8E00AAF266 /* ZNBChatViewController.m */,
				046CDA121ED6B4A0002A8022 /* ZNBConversationController.h */,
				046CDA131ED6B4A0002A8022 /* ZNBConversationController.m */,
			);
			path = Controller;
			sourceTree = "<group>";
		};
		04A910F31ED58A2E00AAF266 /* Model */ = {
			isa = PBXGroup;
			children = (
				046CDA031ED67809002A8022 /* ZNBChatMessageModel.h */,
				046CDA041ED67809002A8022 /* ZNBChatMessageModel.m */,
				046CDA0F1ED6B019002A8022 /* ZNBChatConversationModel.h */,
				046CDA101ED6B019002A8022 /* ZNBChatConversationModel.m */,
			);
			path = Model;
			sourceTree = "<group>";
		};
		04A910F41ED58A2E00AAF266 /* View */ = {
			isa = PBXGroup;
			children = (
				04A910F91ED58D5100AAF266 /* ZNBKeywordToolBar.h */,
				04A910FA1ED58D5100AAF266 /* ZNBKeywordToolBar.m */,
				04A910FC1ED58D5800AAF266 /* ZNBKeywordToolBar.xib */,
				046CDA001ED67700002A8022 /* ZNBChatMessageCell.h */,
				046CDA011ED67700002A8022 /* ZNBChatMessageCell.m */,
				046CDA181ED6B76F002A8022 /* ZNBConversationCell.h */,
				046CDA191ED6B76F002A8022 /* ZNBConversationCell.m */,
				046CDA1A1ED6B76F002A8022 /* ZNBConversationCell.xib */,
				04AE50E31EE511D200878D4E /* ZNBRedPageMessageCell.h */,
				04AE50E41EE511D200878D4E /* ZNBRedPageMessageCell.m */,
			);
			path = View;
			sourceTree = "<group>";
		};
		04A910F51ED58A2E00AAF266 /* ViewModel */ = {
			isa = PBXGroup;
			children = (
				046CDA061ED67D91002A8022 /* ZNBChatMessageViewModel.h */,
				046CDA071ED67D91002A8022 /* ZNBChatMessageViewModel.m */,
				046CDA151ED6B5F2002A8022 /* ZNBChatConversationViewModel.h */,
				046CDA161ED6B5F2002A8022 /* ZNBChatConversationViewModel.m */,
			);
			path = ViewModel;
			sourceTree = "<group>";
		};
		04AE502E1EDDA68100878D4E /* 二维码 */ = {
			isa = PBXGroup;
			children = (
				04AE502F1EDDA93600878D4E /* Controller */,
				04AE50301EDDA93600878D4E /* Model */,
				04AE50311EDDA93600878D4E /* View */,
				04AE50321EDDA93600878D4E /* ViewModel */,
			);
			path = "二维码";
			sourceTree = "<group>";
		};
		04AE502F1EDDA93600878D4E /* Controller */ = {
			isa = PBXGroup;
			children = (
				04AE50331EDDA94C00878D4E /* ZNBQRViewController.h */,
				04AE50341EDDA94C00878D4E /* ZNBQRViewController.m */,
				04AE50F71EE645AD00878D4E /* ZNBAddQRViewController.h */,
				04AE50F81EE645AD00878D4E /* ZNBAddQRViewController.m */,
				04AE50FA1EE6488B00878D4E /* ZNBAddQRViewController.xib */,
			);
			path = Controller;
			sourceTree = "<group>";
		};
		04AE50301EDDA93600878D4E /* Model */ = {
			isa = PBXGroup;
			children = (
			);
			path = Model;
			sourceTree = "<group>";
		};
		04AE50311EDDA93600878D4E /* View */ = {
			isa = PBXGroup;
			children = (
				04AE50361EDDAC5C00878D4E /* ZNBQRCollectionViewCell.h */,
				04AE50371EDDAC5C00878D4E /* ZNBQRCollectionViewCell.m */,
				04AE50381EDDAC5C00878D4E /* ZNBQRCollectionViewCell.xib */,
				04AE503B1EDDC1E000878D4E /* ZNBQRBottomToolView.h */,
				04AE503C1EDDC1E000878D4E /* ZNBQRBottomToolView.m */,
				04AE503E1EDDC1E900878D4E /* ZNBQRBottomToolView.xib */,
			);
			path = View;
			sourceTree = "<group>";
		};
		04AE50321EDDA93600878D4E /* ViewModel */ = {
			isa = PBXGroup;
			children = (
			);
			path = ViewModel;
			sourceTree = "<group>";
		};
		04AE50C91EE4F26B00878D4E /* SXWaveAnimate */ = {
			isa = PBXGroup;
			children = (
				04AE50CA1EE4F26B00878D4E /* images */,
				04AE50CE1EE4F26B00878D4E /* SXHalfWaveView.h */,
				04AE50CF1EE4F26B00878D4E /* SXHalfWaveView.m */,
				04AE50D01EE4F26B00878D4E /* SXViewAdditions.h */,
				04AE50D11EE4F26B00878D4E /* SXViewAdditions.m */,
				04AE50D21EE4F26B00878D4E /* SXWaterBackground.h */,
				04AE50D31EE4F26B00878D4E /* SXWaterBackground.m */,
				04AE50D41EE4F26B00878D4E /* SXWaveCell.h */,
				04AE50D51EE4F26B00878D4E /* SXWaveCell.m */,
				04AE50D61EE4F26B00878D4E /* SXWaveView.h */,
				04AE50D71EE4F26B00878D4E /* SXWaveView.m */,
				04AE50D81EE4F26B00878D4E /* UIColor+Separate.h */,
				04AE50D91EE4F26B00878D4E /* UIColor+Separate.m */,
			);
			path = SXWaveAnimate;
			sourceTree = "<group>";
		};
		04AE50CA1EE4F26B00878D4E /* images */ = {
			isa = PBXGroup;
			children = (
				04AE50CB1EE4F26B00878D4E /* fb_rotation.png */,
				04AE50CC1EE4F26B00878D4E /* fb_wave.png */,
				04AE50CD1EE4F26B00878D4E /* SXWaveCell.xib */,
			);
			path = images;
			sourceTree = "<group>";
		};
		04AE50ED1EE546A900878D4E /* PopoverView */ = {
			isa = PBXGroup;
			children = (
				04AE50EE1EE546A900878D4E /* PopoverAction.h */,
				04AE50EF1EE546A900878D4E /* PopoverAction.m */,
				04AE50F01EE546A900878D4E /* PopoverView.h */,
				04AE50F11EE546A900878D4E /* PopoverView.m */,
				04AE50F21EE546A900878D4E /* PopoverViewCell.h */,
				04AE50F31EE546A900878D4E /* PopoverViewCell.m */,
			);
			path = PopoverView;
			sourceTree = "<group>";
		};
		76CA71441ACA5F1C4EB199C0 /* Frameworks */ = {
			isa = PBXGroup;
			children = (
				04982E341F58235800CD06CC /* libz.1.1.3.tbd */,
				04982E101F57E66A00CD06CC /* StoreKit.framework */,
				04982DEE1F55579900CD06CC /* iAd.framework */,
				0E7CB10A47565F222369FBF0 /* libPods-ZNBCos.a */,
			);
			name = Frameworks;
			sourceTree = "<group>";
		};
		E4E500F4D1B976B13B806EB5 /* Pods */ = {
			isa = PBXGroup;
			children = (
				FE2D7BEBAFB5EC94DFBA82B0 /* Pods-ZNBCos.debug.xcconfig */,
				A0D63A6752E32CA532764D2D /* Pods-ZNBCos.release.xcconfig */,
			);
			name = Pods;
			sourceTree = "<group>";
		};
/* End PBXGroup section */

/* Begin PBXNativeTarget section */
		041A1C541F10F43E00E9786B /* ZNBPush */ = {
			isa = PBXNativeTarget;
			buildConfigurationList = 041A1C601F10F44000E9786B /* Build configuration list for PBXNativeTarget "ZNBPush" */;
			buildPhases = (
				041A1C511F10F43E00E9786B /* Sources */,
				041A1C521F10F43E00E9786B /* Frameworks */,
				041A1C531F10F43E00E9786B /* Resources */,
			);
			buildRules = (
			);
			dependencies = (
			);
			name = ZNBPush;
			productName = ZNBPush;
			productReference = 041A1C551F10F43F00E9786B /* ZNBPush.appex */;
			productType = "com.apple.product-type.app-extension";
		};
		04205C421EC60666006AE5AE /* ZNBCos */ = {
			isa = PBXNativeTarget;
			buildConfigurationList = 04205C5A1EC60666006AE5AE /* Build configuration list for PBXNativeTarget "ZNBCos" */;
			buildPhases = (
				A654AFCB30D393DF1986236C /* [CP] Check Pods Manifest.lock */,
				04205C3F1EC60666006AE5AE /* Sources */,
				04205C401EC60666006AE5AE /* Frameworks */,
				04205C411EC60666006AE5AE /* Resources */,
				D57A379D861F04D0CE28D594 /* [CP] Embed Pods Frameworks */,
				B2B31798D948974C4D5467E3 /* [CP] Copy Pods Resources */,
				041A1C611F10F44000E9786B /* Embed App Extensions */,
			);
			buildRules = (
			);
			dependencies = (
				041A1C5C1F10F43F00E9786B /* PBXTargetDependency */,
			);
			name = ZNBCos;
			productName = ZNBCos;
			productReference = 04205C431EC60666006AE5AE /* ZNBCos.app */;
			productType = "com.apple.product-type.application";
		};
/* End PBXNativeTarget section */

/* Begin PBXProject section */
		04205C3B1EC60666006AE5AE /* Project object */ = {
			isa = PBXProject;
			attributes = {
				LastUpgradeCheck = 0820;
				ORGANIZATIONNAME = CoderZNBmm;
				TargetAttributes = {
					041A1C541F10F43E00E9786B = {
						CreatedOnToolsVersion = 8.2.1;
						DevelopmentTeam = B3R5RSW6TE;
						ProvisioningStyle = Manual;
						SystemCapabilities = {
							com.apple.Push = {
								enabled = 1;
							};
						};
					};
					04205C421EC60666006AE5AE = {
						CreatedOnToolsVersion = 8.2.1;
						DevelopmentTeam = B3R5RSW6TE;
						ProvisioningStyle = Manual;
						SystemCapabilities = {
							com.apple.BackgroundModes = {
								enabled = 1;
							};
							com.apple.InAppPurchase = {
								enabled = 1;
							};
							com.apple.Push = {
								enabled = 1;
							};
						};
					};
				};
			};
			buildConfigurationList = 04205C3E1EC60666006AE5AE /* Build configuration list for PBXProject "ZNBCos" */;
			compatibilityVersion = "Xcode 3.2";
			developmentRegion = English;
			hasScannedForEncodings = 0;
			knownRegions = (
				en,
				Base,
			);
			mainGroup = 04205C3A1EC60666006AE5AE;
			productRefGroup = 04205C441EC60666006AE5AE /* Products */;
			projectDirPath = "";
			projectRoot = "";
			targets = (
				04205C421EC60666006AE5AE /* ZNBCos */,
				041A1C541F10F43E00E9786B /* ZNBPush */,
			);
		};
/* End PBXProject section */

/* Begin PBXResourcesBuildPhase section */
		041A1C531F10F43E00E9786B /* Resources */ = {
			isa = PBXResourcesBuildPhase;
			buildActionMask = 2147483647;
			files = (
			);
			runOnlyForDeploymentPostprocessing = 0;
		};
		04205C411EC60666006AE5AE /* Resources */ = {
			isa = PBXResourcesBuildPhase;
			buildActionMask = 2147483647;
			files = (
				04AE50DB1EE4F26B00878D4E /* fb_wave.png in Resources */,
				04205D161ECDB2C9006AE5AE /* ZNBAddBGViewController.xib in Resources */,
				04205CE51ECBF408006AE5AE /* ZNBRaiseCmtView.xib in Resources */,
				04205C891EC9089B006AE5AE /* Info.plist in Resources */,
				046CDA291ED7E1C6002A8022 /* ZNBHomeTopView.xib in Resources */,
				04205CFB1ECC60F0006AE5AE /* ZNBAddLikesController.xib in Resources */,
				04AE50FB1EE6488B00878D4E /* ZNBAddQRViewController.xib in Resources */,
				046CDA1C1ED6B76F002A8022 /* ZNBConversationCell.xib in Resources */,
				04AE50C81EE4355500878D4E /* Launch Screen.storyboard in Resources */,
				04AE50EC1EE540FC00878D4E /* ZNBRedPageViewController.xib in Resources */,
				04205CDB1ECB1642006AE5AE /* ZNBSetTimeController.xib in Resources */,
				04205CCC1ECB084A006AE5AE /* ZNBAddImageTextCell.xib in Resources */,
				04A910FD1ED58D5800AAF266 /* ZNBKeywordToolBar.xib in Resources */,
				04205CAF1EC9F9AA006AE5AE /* ZNBTimeLineTopView.xib in Resources */,
				04205CD61ECB0892006AE5AE /* ZNBSetAddressController.xib in Resources */,
				04982E231F58014500CD06CC /* ZNBSettingCell.xib in Resources */,
				04205C531EC60666006AE5AE /* Assets.xcassets in Resources */,
				04AE50DA1EE4F26B00878D4E /* fb_rotation.png in Resources */,
				04205CE01ECB2A44006AE5AE /* ZNBAddImageTextEditCell.xib in Resources */,
				046CDA241ED7D7B2002A8022 /* ZNBHomeCell.xib in Resources */,
				04AE50DC1EE4F26B00878D4E /* SXWaveCell.xib in Resources */,
				046CDA0E1ED69427002A8022 /* ZNBAddChatMessageController.xib in Resources */,
				04205C511EC60666006AE5AE /* Main.storyboard in Resources */,
				04205CD11ECB087E006AE5AE /* ZNBSetNameController.xib in Resources */,
				04205CF61ECC60E0006AE5AE /* ZNBAddCmtController.xib in Resources */,
				046CDA2B1ED7E21B002A8022 /* HomeData.plist in Resources */,
				04AE503A1EDDAC5C00878D4E /* ZNBQRCollectionViewCell.xib in Resources */,
				04AE503F1EDDC1E900878D4E /* ZNBQRBottomToolView.xib in Resources */,
			);
			runOnlyForDeploymentPostprocessing = 0;
		};
/* End PBXResourcesBuildPhase section */

/* Begin PBXShellScriptBuildPhase section */
		A654AFCB30D393DF1986236C /* [CP] Check Pods Manifest.lock */ = {
			isa = PBXShellScriptBuildPhase;
			buildActionMask = 2147483647;
			files = (
			);
			inputPaths = (
			);
			name = "[CP] Check Pods Manifest.lock";
			outputPaths = (
			);
			runOnlyForDeploymentPostprocessing = 0;
			shellPath = /bin/sh;
			shellScript = "diff \"${PODS_PODFILE_DIR_PATH}/Podfile.lock\" \"${PODS_ROOT}/Manifest.lock\" > /dev/null\nif [ $? != 0 ] ; then\n    # print error to STDERR\n    echo \"error: The sandbox is not in sync with the Podfile.lock. Run 'pod install' or update your CocoaPods installation.\" >&2\n    exit 1\nfi\n";
			showEnvVarsInLog = 0;
		};
		B2B31798D948974C4D5467E3 /* [CP] Copy Pods Resources */ = {
			isa = PBXShellScriptBuildPhase;
			buildActionMask = 2147483647;
			files = (
			);
			inputPaths = (
			);
			name = "[CP] Copy Pods Resources";
			outputPaths = (
			);
			runOnlyForDeploymentPostprocessing = 0;
			shellPath = /bin/sh;
			shellScript = "\"${SRCROOT}/Pods/Target Support Files/Pods-ZNBCos/Pods-ZNBCos-resources.sh\"\n";
			showEnvVarsInLog = 0;
		};
		D57A379D861F04D0CE28D594 /* [CP] Embed Pods Frameworks */ = {
			isa = PBXShellScriptBuildPhase;
			buildActionMask = 2147483647;
			files = (
			);
			inputPaths = (
			);
			name = "[CP] Embed Pods Frameworks";
			outputPaths = (
			);
			runOnlyForDeploymentPostprocessing = 0;
			shellPath = /bin/sh;
			shellScript = "\"${SRCROOT}/Pods/Target Support Files/Pods-ZNBCos/Pods-ZNBCos-frameworks.sh\"\n";
			showEnvVarsInLog = 0;
		};
/* End PBXShellScriptBuildPhase section */

/* Begin PBXSourcesBuildPhase section */
		041A1C511F10F43E00E9786B /* Sources */ = {
			isa = PBXSourcesBuildPhase;
			buildActionMask = 2147483647;
			files = (
				041A1C591F10F43F00E9786B /* NotificationService.m in Sources */,
			);
			runOnlyForDeploymentPostprocessing = 0;
		};
		04205C3F1EC60666006AE5AE /* Sources */ = {
			isa = PBXSourcesBuildPhase;
			buildActionMask = 2147483647;
			files = (
				04205CFA1ECC60F0006AE5AE /* ZNBAddLikesController.m in Sources */,
				04205CA31EC9AE71006AE5AE /* ZNBImageModel.m in Sources */,
				04205CB91ECADD17006AE5AE /* UITableView+HYBCacheHeight.m in Sources */,
				04205C7A1EC8C2D9006AE5AE /* ViewController.m in Sources */,
				04205D041ECD638A006AE5AE /* ZNBLikesLabel.m in Sources */,
				04205C971EC99F71006AE5AE /* UIColor+Hex.m in Sources */,
				04205CA61EC9AE8D006AE5AE /* ZNBTimeLineCmtModel.m in Sources */,
				046CDA1F1ED6BBDC002A8022 /* ZNBAddConversationController.m in Sources */,
				04205C821EC8C345006AE5AE /* ZNBTimeLineController.m in Sources */,
				04205CB21ECA0B27006AE5AE /* ZNBTimeLineImageCell.m in Sources */,
				04205CF51ECC60E0006AE5AE /* ZNBAddCmtController.m in Sources */,
				04205CCB1ECB084A006AE5AE /* ZNBAddImageTextCell.m in Sources */,
				04AE50DF1EE4F26B00878D4E /* SXWaterBackground.m in Sources */,
				04205C9D1EC9AC21006AE5AE /* ZNBTimeLineCell.m in Sources */,
				041A1C6A1F13224800E9786B /* ZNBWebViewController.m in Sources */,
				04205C871EC907A3006AE5AE /* main.m in Sources */,
				04AE50DE1EE4F26B00878D4E /* SXViewAdditions.m in Sources */,
				04AE50E11EE4F26B00878D4E /* SXWaveView.m in Sources */,
				04AE50E61EE511D200878D4E /* ZNBRedPageMessageCell.m in Sources */,
				046CDA1B1ED6B76F002A8022 /* ZNBConversationCell.m in Sources */,
				04AE503D1EDDC1E000878D4E /* ZNBQRBottomToolView.m in Sources */,
				04205C981EC99F71006AE5AE /* UIImage+Image.m in Sources */,
				041A1C641F13131A00E9786B /* AppDelegate+JPush.m in Sources */,
				046CDA021ED67701002A8022 /* ZNBChatMessageCell.m in Sources */,
				04982E1E1F5800D700CD06CC /* ZNBMineViewController.m in Sources */,
				04982E221F58014500CD06CC /* ZNBSettingCell.m in Sources */,
				04AE50F91EE645AD00878D4E /* ZNBAddQRViewController.m in Sources */,
				046CDA2E1ED7EC9F002A8022 /* ZNBHomeModel.m in Sources */,
				04205D151ECDB2C9006AE5AE /* ZNBAddBGViewController.m in Sources */,
				04205CD01ECB087E006AE5AE /* ZNBSetNameController.m in Sources */,
				04AE50F51EE546A900878D4E /* PopoverView.m in Sources */,
				046CDA081ED67D91002A8022 /* ZNBChatMessageViewModel.m in Sources */,
				04AE502D1EDDA42E00878D4E /* CustomCardCollectionViewFlowLayout.m in Sources */,
				046CDA271ED7E1BB002A8022 /* ZNBHomeTopView.m in Sources */,
				04AE50E01EE4F26B00878D4E /* SXWaveCell.m in Sources */,
				04205CD51ECB0892006AE5AE /* ZNBSetAddressController.m in Sources */,
				04205CDF1ECB2A44006AE5AE /* ZNBAddImageTextEditCell.m in Sources */,
				04205CA91EC9E270006AE5AE /* ZNBTimeLineViewModel.m in Sources */,
				04A910F81ED58A8E00AAF266 /* ZNBChatViewController.m in Sources */,
				046CDA051ED67809002A8022 /* ZNBChatMessageModel.m in Sources */,
				04AE50DD1EE4F26B00878D4E /* SXHalfWaveView.m in Sources */,
				046CDA141ED6B4A0002A8022 /* ZNBConversationController.m in Sources */,
				04205D071ECD71A5006AE5AE /* ZNBLikeBGView.m in Sources */,
				04982DED1F545A5D00CD06CC /* NSDate+Date.m in Sources */,
				04205D0E1ECDA492006AE5AE /* ZNBAnimationManager.m in Sources */,
				04205C9A1EC99F71006AE5AE /* UIView+SFrame.m in Sources */,
				04AE50351EDDA94C00878D4E /* ZNBQRViewController.m in Sources */,
				04205CDA1ECB1642006AE5AE /* ZNBSetTimeController.m in Sources */,
				04205CA01EC9ADDA006AE5AE /* ZNBTimeLineModel.m in Sources */,
				04AE50E21EE4F26B00878D4E /* UIColor+Separate.m in Sources */,
				04982E261F58056B00CD06CC /* ZNBRemoveADViewController.m in Sources */,
				04205C8D1EC988BB006AE5AE /* ZNBNavigationController.m in Sources */,
				04205CAD1EC9F972006AE5AE /* ZNBTimeLineTopView.m in Sources */,
				04AE508C1EDECD3900878D4E /* UIImageView+Color.m in Sources */,
				04AE50391EDDAC5C00878D4E /* ZNBQRCollectionViewCell.m in Sources */,
				04205D0A1ECD7C8A006AE5AE /* ZNBTimeLineCmtCell.m in Sources */,
				04205CE31ECBF3FD006AE5AE /* ZNBRaiseCmtView.m in Sources */,
				04AE50F61EE546A900878D4E /* PopoverViewCell.m in Sources */,
				046CDA231ED7D7B2002A8022 /* ZNBHomeCell.m in Sources */,
				046CDA311ED80874002A8022 /* ZNBQRCodeImage.m in Sources */,
				04AE50EB1EE540FC00878D4E /* ZNBRedPageViewController.m in Sources */,
				04205CBA1ECADD17006AE5AE /* UITableViewCell+HYBMasonryAutoCellHeight.m in Sources */,
				046CDA0D1ED69427002A8022 /* ZNBAddChatMessageController.m in Sources */,
				04205CC61ECB07FA006AE5AE /* ZNBAddImageTextController.m in Sources */,
				046CDA111ED6B019002A8022 /* ZNBChatConversationModel.m in Sources */,
				04205C4B1EC60666006AE5AE /* AppDelegate.m in Sources */,
				04AE50F41EE546A900878D4E /* PopoverAction.m in Sources */,
				04982DEA1F5459D100CD06CC /* ZNBTimeTool.m in Sources */,
				04982E291F58080000CD06CC /* IAPManager.m in Sources */,
				046CDA171ED6B5F2002A8022 /* ZNBChatConversationViewModel.m in Sources */,
				04205D191ECDBB43006AE5AE /* ZNBTimeLineBGModel.m in Sources */,
				04A910FB1ED58D5100AAF266 /* ZNBKeywordToolBar.m in Sources */,
				04205C991EC99F71006AE5AE /* UIImage+Render.m in Sources */,
			);
			runOnlyForDeploymentPostprocessing = 0;
		};
/* End PBXSourcesBuildPhase section */

/* Begin PBXTargetDependency section */
		041A1C5C1F10F43F00E9786B /* PBXTargetDependency */ = {
			isa = PBXTargetDependency;
			target = 041A1C541F10F43E00E9786B /* ZNBPush */;
			targetProxy = 041A1C5B1F10F43F00E9786B /* PBXContainerItemProxy */;
		};
/* End PBXTargetDependency section */

/* Begin PBXVariantGroup section */
		04205C4F1EC60666006AE5AE /* Main.storyboard */ = {
			isa = PBXVariantGroup;
			children = (
				04205C501EC60666006AE5AE /* Base */,
			);
			name = Main.storyboard;
			sourceTree = "<group>";
		};
/* End PBXVariantGroup section */

/* Begin XCBuildConfiguration section */
		041A1C5E1F10F44000E9786B /* Debug */ = {
			isa = XCBuildConfiguration;
			buildSettings = {
				CODE_SIGN_ENTITLEMENTS = ZNBPush/ZNBPush.entitlements;
				"CODE_SIGN_IDENTITY[sdk=iphoneos*]" = "iPhone Developer";
				DEVELOPMENT_TEAM = B3R5RSW6TE;
				INFOPLIST_FILE = ZNBPush/Info.plist;
				IPHONEOS_DEPLOYMENT_TARGET = 10.0;
				LD_RUNPATH_SEARCH_PATHS = "$(inherited) @executable_path/Frameworks @executable_path/../../Frameworks";
				PRODUCT_BUNDLE_IDENTIFIER = com.znb.chat.ZNBPush;
				PRODUCT_NAME = "$(TARGET_NAME)";
				PROVISIONING_PROFILE = "3ce598d7-4ca2-47d6-9888-6aa26cebce37";
				PROVISIONING_PROFILE_SPECIFIER = znbChatPush.development;
				SKIP_INSTALL = YES;
			};
			name = Debug;
		};
		041A1C5F1F10F44000E9786B /* Release */ = {
			isa = XCBuildConfiguration;
			buildSettings = {
				CODE_SIGN_ENTITLEMENTS = ZNBPush/ZNBPush.entitlements;
				"CODE_SIGN_IDENTITY[sdk=iphoneos*]" = "iPhone Distribution";
				DEVELOPMENT_TEAM = B3R5RSW6TE;
				INFOPLIST_FILE = ZNBPush/Info.plist;
				IPHONEOS_DEPLOYMENT_TARGET = 10.0;
				LD_RUNPATH_SEARCH_PATHS = "$(inherited) @executable_path/Frameworks @executable_path/../../Frameworks";
				PRODUCT_BUNDLE_IDENTIFIER = com.znb.chat.ZNBPush;
				PRODUCT_NAME = "$(TARGET_NAME)";
				PROVISIONING_PROFILE = "761c4a7d-c44d-4b6a-92cb-bd6a9050760f";
				PROVISIONING_PROFILE_SPECIFIER = znbchatPush.Appstore;
				SKIP_INSTALL = YES;
			};
			name = Release;
		};
		04205C581EC60666006AE5AE /* Debug */ = {
			isa = XCBuildConfiguration;
			buildSettings = {
				ALWAYS_SEARCH_USER_PATHS = NO;
				CLANG_ANALYZER_NONNULL = YES;
				CLANG_CXX_LANGUAGE_STANDARD = "gnu++0x";
				CLANG_CXX_LIBRARY = "libc++";
				CLANG_ENABLE_MODULES = YES;
				CLANG_ENABLE_OBJC_ARC = YES;
				CLANG_WARN_BOOL_CONVERSION = YES;
				CLANG_WARN_CONSTANT_CONVERSION = YES;
				CLANG_WARN_DIRECT_OBJC_ISA_USAGE = YES_ERROR;
				CLANG_WARN_DOCUMENTATION_COMMENTS = YES;
				CLANG_WARN_EMPTY_BODY = YES;
				CLANG_WARN_ENUM_CONVERSION = YES;
				CLANG_WARN_INFINITE_RECURSION = YES;
				CLANG_WARN_INT_CONVERSION = YES;
				CLANG_WARN_OBJC_ROOT_CLASS = YES_ERROR;
				CLANG_WARN_SUSPICIOUS_MOVE = YES;
				CLANG_WARN_UNREACHABLE_CODE = YES;
				CLANG_WARN__DUPLICATE_METHOD_MATCH = YES;
				"CODE_SIGN_IDENTITY[sdk=iphoneos*]" = "iPhone Developer";
				COPY_PHASE_STRIP = NO;
				DEBUG_INFORMATION_FORMAT = dwarf;
				ENABLE_STRICT_OBJC_MSGSEND = YES;
				ENABLE_TESTABILITY = YES;
				GCC_C_LANGUAGE_STANDARD = gnu99;
				GCC_DYNAMIC_NO_PIC = NO;
				GCC_NO_COMMON_BLOCKS = YES;
				GCC_OPTIMIZATION_LEVEL = 0;
				GCC_PREPROCESSOR_DEFINITIONS = (
					"DEBUG=1",
					"$(inherited)",
				);
				GCC_WARN_64_TO_32_BIT_CONVERSION = YES;
				GCC_WARN_ABOUT_RETURN_TYPE = YES_ERROR;
				GCC_WARN_UNDECLARED_SELECTOR = YES;
				GCC_WARN_UNINITIALIZED_AUTOS = YES_AGGRESSIVE;
				GCC_WARN_UNUSED_FUNCTION = YES;
				GCC_WARN_UNUSED_VARIABLE = YES;
				IPHONEOS_DEPLOYMENT_TARGET = 10.2;
				MTL_ENABLE_DEBUG_INFO = YES;
				ONLY_ACTIVE_ARCH = YES;
				SDKROOT = iphoneos;
			};
			name = Debug;
		};
		04205C591EC60666006AE5AE /* Release */ = {
			isa = XCBuildConfiguration;
			buildSettings = {
				ALWAYS_SEARCH_USER_PATHS = NO;
				CLANG_ANALYZER_NONNULL = YES;
				CLANG_CXX_LANGUAGE_STANDARD = "gnu++0x";
				CLANG_CXX_LIBRARY = "libc++";
				CLANG_ENABLE_MODULES = YES;
				CLANG_ENABLE_OBJC_ARC = YES;
				CLANG_WARN_BOOL_CONVERSION = YES;
				CLANG_WARN_CONSTANT_CONVERSION = YES;
				CLANG_WARN_DIRECT_OBJC_ISA_USAGE = YES_ERROR;
				CLANG_WARN_DOCUMENTATION_COMMENTS = YES;
				CLANG_WARN_EMPTY_BODY = YES;
				CLANG_WARN_ENUM_CONVERSION = YES;
				CLANG_WARN_INFINITE_RECURSION = YES;
				CLANG_WARN_INT_CONVERSION = YES;
				CLANG_WARN_OBJC_ROOT_CLASS = YES_ERROR;
				CLANG_WARN_SUSPICIOUS_MOVE = YES;
				CLANG_WARN_UNREACHABLE_CODE = YES;
				CLANG_WARN__DUPLICATE_METHOD_MATCH = YES;
				"CODE_SIGN_IDENTITY[sdk=iphoneos*]" = "iPhone Developer";
				COPY_PHASE_STRIP = NO;
				DEBUG_INFORMATION_FORMAT = "dwarf-with-dsym";
				ENABLE_NS_ASSERTIONS = NO;
				ENABLE_STRICT_OBJC_MSGSEND = YES;
				GCC_C_LANGUAGE_STANDARD = gnu99;
				GCC_NO_COMMON_BLOCKS = YES;
				GCC_WARN_64_TO_32_BIT_CONVERSION = YES;
				GCC_WARN_ABOUT_RETURN_TYPE = YES_ERROR;
				GCC_WARN_UNDECLARED_SELECTOR = YES;
				GCC_WARN_UNINITIALIZED_AUTOS = YES_AGGRESSIVE;
				GCC_WARN_UNUSED_FUNCTION = YES;
				GCC_WARN_UNUSED_VARIABLE = YES;
				IPHONEOS_DEPLOYMENT_TARGET = 10.2;
				MTL_ENABLE_DEBUG_INFO = NO;
				SDKROOT = iphoneos;
				VALIDATE_PRODUCT = YES;
			};
			name = Release;
		};
		04205C5B1EC60666006AE5AE /* Debug */ = {
			isa = XCBuildConfiguration;
			baseConfigurationReference = FE2D7BEBAFB5EC94DFBA82B0 /* Pods-ZNBCos.debug.xcconfig */;
			buildSettings = {
				ASSETCATALOG_COMPILER_APPICON_NAME = AppIcon;
				CODE_SIGN_ENTITLEMENTS = ZNBCos/ZNBCos.entitlements;
				"CODE_SIGN_IDENTITY[sdk=iphoneos*]" = "iPhone Developer";
				DEVELOPMENT_TEAM = B3R5RSW6TE;
				GCC_PREFIX_HEADER = ZNBCos/Other/PrefixHeader.pch;
				INFOPLIST_FILE = ZNBCos/Info.plist;
				IPHONEOS_DEPLOYMENT_TARGET = 8.0;
				LD_RUNPATH_SEARCH_PATHS = "$(inherited) @executable_path/Frameworks";
				LIBRARY_SEARCH_PATHS = (
					"$(inherited)",
					"$(PROJECT_DIR)/ZNBCos/Class/lib",
				);
				PRODUCT_BUNDLE_IDENTIFIER = com.znb.chat;
				PRODUCT_NAME = "$(TARGET_NAME)";
				PROVISIONING_PROFILE = "b1688c28-e0e1-4bb2-936a-0a195cbb7fa3";
				PROVISIONING_PROFILE_SPECIFIER = znbChat.develpment;
				TARGETED_DEVICE_FAMILY = 1;
			};
			name = Debug;
		};
		04205C5C1EC60666006AE5AE /* Release */ = {
			isa = XCBuildConfiguration;
			baseConfigurationReference = A0D63A6752E32CA532764D2D /* Pods-ZNBCos.release.xcconfig */;
			buildSettings = {
				ASSETCATALOG_COMPILER_APPICON_NAME = AppIcon;
				CODE_SIGN_ENTITLEMENTS = ZNBCos/ZNBCos.entitlements;
				"CODE_SIGN_IDENTITY[sdk=iphoneos*]" = "iPhone Distribution";
				DEVELOPMENT_TEAM = B3R5RSW6TE;
				GCC_PREFIX_HEADER = ZNBCos/Other/PrefixHeader.pch;
				INFOPLIST_FILE = ZNBCos/Info.plist;
				IPHONEOS_DEPLOYMENT_TARGET = 8.0;
				LD_RUNPATH_SEARCH_PATHS = "$(inherited) @executable_path/Frameworks";
				LIBRARY_SEARCH_PATHS = (
					"$(inherited)",
					"$(PROJECT_DIR)/ZNBCos/Class/lib",
				);
				PRODUCT_BUNDLE_IDENTIFIER = com.znb.chat;
				PRODUCT_NAME = "$(TARGET_NAME)";
				PROVISIONING_PROFILE = "594b9c08-ea7d-447c-b7c7-67d08b4246e2";
				PROVISIONING_PROFILE_SPECIFIER = znbChat.Appstore;
				TARGETED_DEVICE_FAMILY = 1;
			};
			name = Release;
		};
/* End XCBuildConfiguration section */

/* Begin XCConfigurationList section */
		041A1C601F10F44000E9786B /* Build configuration list for PBXNativeTarget "ZNBPush" */ = {
			isa = XCConfigurationList;
			buildConfigurations = (
				041A1C5E1F10F44000E9786B /* Debug */,
				041A1C5F1F10F44000E9786B /* Release */,
			);
			defaultConfigurationIsVisible = 0;
			defaultConfigurationName = Release;
		};
		04205C3E1EC60666006AE5AE /* Build configuration list for PBXProject "ZNBCos" */ = {
			isa = XCConfigurationList;
			buildConfigurations = (
				04205C581EC60666006AE5AE /* Debug */,
				04205C591EC60666006AE5AE /* Release */,
			);
			defaultConfigurationIsVisible = 0;
			defaultConfigurationName = Release;
		};
		04205C5A1EC60666006AE5AE /* Build configuration list for PBXNativeTarget "ZNBCos" */ = {
			isa = XCConfigurationList;
			buildConfigurations = (
				04205C5B1EC60666006AE5AE /* Debug */,
				04205C5C1EC60666006AE5AE /* Release */,
			);
			defaultConfigurationIsVisible = 0;
			defaultConfigurationName = Release;
		};
/* End XCConfigurationList section */
	};
	rootObject = 04205C3B1EC60666006AE5AE /* Project object */;
}
